// !$*UTF8*$!
{
	archiveVersion = 1;
	classes = {
	};
	objectVersion = 38;
	objects = {
		080E96DDFE201D6D7F000001 = {
			children = (
				4B96DF4F04F11BF500A8E303,
				4B96DF5004F11BF500A8E303,
				4B96DF5D04F126FC00A8E303,
				4B96DF5C04F126F200A8E303,
				4BE6AB2C04FD09D900A8E303,
			);
			isa = PBXGroup;
			name = Classes;
			refType = 4;
		};
		089C165CFE840E0CC02AAC07 = {
			children = (
				089C165DFE840E0CC02AAC07,
			);
			isa = PBXVariantGroup;
			name = InfoPlist.strings;
			refType = 4;
		};
		089C165DFE840E0CC02AAC07 = {
			fileEncoding = 10;
			isa = PBXFileReference;
			name = English;
			path = English.lproj/InfoPlist.strings;
			refType = 4;
		};
		089C165EFE840E0CC02AAC07 = {
			fileRef = 089C165CFE840E0CC02AAC07;
			isa = PBXBuildFile;
			settings = {
			};
		};
//080
//081
//082
//083
//084
//100
//101
//102
//103
//104
		1058C7A0FEA54F0111CA2CBB = {
			children = (
				1058C7A1FEA54F0111CA2CBB,
			);
			isa = PBXGroup;
			name = "Linked Frameworks";
			refType = 4;
		};
		1058C7A1FEA54F0111CA2CBB = {
			isa = PBXFrameworkReference;
			name = Cocoa.framework;
			path = /System/Library/Frameworks/Cocoa.framework;
			refType = 0;
		};
		1058C7A2FEA54F0111CA2CBB = {
			children = (
				29B97325FDCFA39411CA2CEA,
				29B97324FDCFA39411CA2CEA,
			);
			isa = PBXGroup;
			name = "Other Frameworks";
			refType = 4;
		};
		1058C7A3FEA54F0111CA2CBB = {
			fileRef = 1058C7A1FEA54F0111CA2CBB;
			isa = PBXBuildFile;
			settings = {
			};
		};
//100
//101
//102
//103
//104
//170
//171
//172
//173
//174
		17587328FF379C6511CA2CBB = {
			isa = PBXApplicationReference;
			path = Inform.app;
			refType = 3;
		};
//170
//171
//172
//173
//174
//190
//191
//192
//193
//194
		19C28FACFE9D520D11CA2CBB = {
			children = (
				17587328FF379C6511CA2CBB,
				4B0BADB804ED109F00A8E303,
				4B96DF9A04F12C7B00A8E303,
			);
			isa = PBXGroup;
			name = Products;
			refType = 4;
		};
//190
//191
//192
//193
//194
//290
//291
//292
//293
//294
		29B97313FDCFA39411CA2CEA = {
			buildStyles = (
				4A9504CCFFE6A4B311CA0CBA,
				4A9504CDFFE6A4B311CA0CBA,
			);
			hasScannedForEncodings = 1;
			isa = PBXProject;
			mainGroup = 29B97314FDCFA39411CA2CEA;
			projectDirPath = "";
			targets = (
				29B97326FDCFA39411CA2CEA,
				4B0BADB704ED109F00A8E303,
				4B96DF9904F12C7B00A8E303,
			);
		};
		29B97314FDCFA39411CA2CEA = {
			children = (
				4B4C4D2E04F3B26400A8E303,
				4B96DF7804F12A7700A8E303,
				4B0BADBA04ED10A500A8E303,
				080E96DDFE201D6D7F000001,
				29B97315FDCFA39411CA2CEA,
				29B97317FDCFA39411CA2CEA,
				29B97323FDCFA39411CA2CEA,
				19C28FACFE9D520D11CA2CBB,
			);
			isa = PBXGroup;
			name = Inform;
			path = "";
			refType = 4;
		};
		29B97315FDCFA39411CA2CEA = {
			children = (
				32CA4F630368D1EE00C91783,
				29B97316FDCFA39411CA2CEA,
			);
			isa = PBXGroup;
			name = "Other Sources";
			path = "";
			refType = 4;
		};
		29B97316FDCFA39411CA2CEA = {
			fileEncoding = 30;
			isa = PBXFileReference;
			path = main.m;
			refType = 4;
		};
		29B97317FDCFA39411CA2CEA = {
			children = (
				4B94BF8505138C7200A8E303,
				4B5CB96A050E9B9C00A8E303,
				4B0BADFD04ED13E700A8E303,
				29B97318FDCFA39411CA2CEA,
				4B96DF5304F11D5C00A8E303,
				089C165CFE840E0CC02AAC07,
				4BE6AB2A04FCFB0B00A8E303,
				4BE6AB3B04FD0EF300A8E303,
				4B16BFE2051246EF00A8E303,
				4B94BF870513906800A8E303,
			);
			isa = PBXGroup;
			name = Resources;
			path = "";
			refType = 4;
		};
		29B97318FDCFA39411CA2CEA = {
			children = (
				29B97319FDCFA39411CA2CEA,
			);
			isa = PBXVariantGroup;
			name = MainMenu.nib;
			path = "";
			refType = 4;
		};
		29B97319FDCFA39411CA2CEA = {
			isa = PBXFileReference;
			name = English;
			path = English.lproj/MainMenu.nib;
			refType = 4;
		};
		29B97323FDCFA39411CA2CEA = {
			children = (
				1058C7A0FEA54F0111CA2CBB,
				1058C7A2FEA54F0111CA2CBB,
			);
			isa = PBXGroup;
			name = Frameworks;
			path = "";
			refType = 4;
		};
		29B97324FDCFA39411CA2CEA = {
			isa = PBXFrameworkReference;
			name = AppKit.framework;
			path = /System/Library/Frameworks/AppKit.framework;
			refType = 0;
		};
		29B97325FDCFA39411CA2CEA = {
			isa = PBXFrameworkReference;
			name = Foundation.framework;
			path = /System/Library/Frameworks/Foundation.framework;
			refType = 0;
		};
		29B97326FDCFA39411CA2CEA = {
			buildPhases = (
				29B97327FDCFA39411CA2CEA,
				29B97328FDCFA39411CA2CEA,
				29B9732BFDCFA39411CA2CEA,
				29B9732DFDCFA39411CA2CEA,
				4B0BADE804ED11E900A8E303,
				4B96E04F04F1464F00A8E303,
				4B96E05904F1467000A8E303,
			);
			buildSettings = {
				FRAMEWORK_SEARCH_PATHS = "";
				HEADER_SEARCH_PATHS = "";
				INSTALL_PATH = "$(HOME)/Applications";
				LIBRARY_SEARCH_PATHS = "";
				OTHER_LDFLAGS = "";
				PRECOMPILE_PREFIX_HEADER = YES;
				PREFIX_HEADER = Inform_Prefix.h;
				PRODUCT_NAME = Inform;
				SECTORDER_FLAGS = "";
				WARNING_CFLAGS = "-Wmost -Wno-four-char-constants -Wno-unknown-pragmas";
				WRAPPER_EXTENSION = app;
			};
			dependencies = (
				4B96E02204F1346900A8E303,
			);
			isa = PBXApplicationTarget;
			name = Inform;
			productInstallPath = "$(HOME)/Applications";
			productName = Inform;
			productReference = 17587328FF379C6511CA2CBB;
			productSettingsXML = "<?xml version=\"1.0\" encoding=\"UTF-8\"?>
<!DOCTYPE plist PUBLIC \"-//Apple Computer//DTD PLIST 1.0//EN\" \"http://www.apple.com/DTDs/PropertyList-1.0.dtd\">
<plist version=\"1.0\">
<dict>
	<key>CFBundleDevelopmentRegion</key>
	<string>English</string>
	<key>CFBundleDocumentTypes</key>
	<array>
		<dict>
			<key>CFBundleTypeExtensions</key>
			<array>
				<string>inform</string>
			</array>
			<key>CFBundleTypeName</key>
			<string>Inform project file</string>
			<key>CFBundleTypeOSTypes</key>
			<array>
				<string>????</string>
			</array>
			<key>CFBundleTypeRole</key>
			<string>Editor</string>
			<key>LSTypeIsPackage</key>
			<true/>
			<key>NSDocumentClass</key>
			<string>IFProject</string>
		</dict>
		<dict>
			<key>CFBundleTypeExtensions</key>
			<array>
				<string>icl</string>
			</array>
			<key>CFBundleTypeName</key>
			<string>Inform Control Language file</string>
			<key>CFBundleTypeRole</key>
			<string>Editor</string>
			<key>NSDocumentClass</key>
			<string>IFProject</string>
		</dict>
		<dict>
			<key>CFBundleTypeExtensions</key>
			<array>
				<string>inf</string>
			</array>
			<key>CFBundleTypeName</key>
			<string>Inform source file</string>
			<key>CFBundleTypeRole</key>
			<string>Editor</string>
		</dict>
		<dict>
			<key>CFBundleTypeExtensions</key>
			<array>
				<string>h</string>
			</array>
			<key>CFBundleTypeName</key>
			<string>Inform header file</string>
		</dict>
	</array>
	<key>CFBundleExecutable</key>
	<string>Inform</string>
	<key>CFBundleIconFile</key>
	<string></string>
	<key>CFBundleIdentifier</key>
	<string>uk.org.logicalshift.inform-compiler</string>
	<key>CFBundleInfoDictionaryVersion</key>
	<string>6.0</string>
	<key>CFBundlePackageType</key>
	<string>APPL</string>
	<key>CFBundleSignature</key>
	<string>????</string>
	<key>CFBundleVersion</key>
	<string>0.1</string>
	<key>NSMainNibFile</key>
	<string>MainMenu</string>
	<key>NSPrincipalClass</key>
	<string>NSApplication</string>
</dict>
</plist>
";
		};
		29B97327FDCFA39411CA2CEA = {
			buildActionMask = 2147483647;
			files = (
				32CA4F650368D2AA00C91783,
				4B96DF5104F11BF500A8E303,
				4B96DF5804F122A100A8E303,
				4B96DF6004F1270A00A8E303,
				4B96DF6404F1278C00A8E303,
				4B96DF7F04F12B3900A8E303,
				4B96DF8004F12B3900A8E303,
				4B96DF8104F12B3900A8E303,
				4B96DF8204F12B3900A8E303,
				4B96DF8C04F12C0B00A8E303,
				4B96DF8D04F12C0B00A8E303,
				4B96DF8E04F12C0B00A8E303,
				4B96DF8F04F12C0B00A8E303,
				4B96DF9004F12C0B00A8E303,
				4B96DF9104F12C0B00A8E303,
				4B96DF9204F12C0B00A8E303,
				4B96DF9304F12C0B00A8E303,
				4B96DF9404F12C0B00A8E303,
				4B96DFED04F131B300A8E303,
				4B96DFEE04F131B300A8E303,
				4B96DFEF04F131B300A8E303,
				4B96DFF004F131B300A8E303,
				4B96DFF104F131B300A8E303,
				4B96DFF204F131B300A8E303,
				4B96DFF304F131B300A8E303,
				4B96DFF404F131B300A8E303,
				4B96DFF504F131B300A8E303,
				4B4C4D6004F3E00400A8E303,
				4BE6AB3104FD0BEC00A8E303,
				4BE6AB3504FD0CC700A8E303,
				4B5CB96E050E9BCB00A8E303,
				4B16BFE00512261800A8E303,
				4B16BFE705124D9F00A8E303,
				4B94BF7505134C9C00A8E303,
				4B94BF7905134D0700A8E303,
				4B94BF7D05134DD300A8E303,
				4B94BF8105134E5500A8E303,
			);
			isa = PBXHeadersBuildPhase;
			runOnlyForDeploymentPostprocessing = 0;
		};
		29B97328FDCFA39411CA2CEA = {
			buildActionMask = 2147483647;
			files = (
				089C165EFE840E0CC02AAC07,
				4B0BADFE04ED13E700A8E303,
				4B96DF5504F11D5C00A8E303,
				4BE6AB3C04FD0EF300A8E303,
				4B5CB96B050E9B9C00A8E303,
				4B5CB970050E9E3800A8E303,
				4B16BFE4051246EF00A8E303,
				4B94BF8605138C7200A8E303,
				4B94BF890513906800A8E303,
			);
			isa = PBXResourcesBuildPhase;
			runOnlyForDeploymentPostprocessing = 0;
		};
		29B9732BFDCFA39411CA2CEA = {
			buildActionMask = 2147483647;
			files = (
				29B9732CFDCFA39411CA2CEA,
				4B96DF5204F11BF500A8E303,
				4B96DF5904F122A100A8E303,
				4B96DF6104F1270A00A8E303,
				4B96DF6504F1278C00A8E303,
				4B4C4D5E04F3DD2B00A8E303,
				4BE6AB3204FD0BEC00A8E303,
				4BE6AB3604FD0CC700A8E303,
				4B5CB96F050E9BCB00A8E303,
				4B16BFE10512261800A8E303,
				4B16BFE805124D9F00A8E303,
				4B94BF7A05134D0700A8E303,
				4B94BF7E05134DD300A8E303,
				4B94BF8205134E5500A8E303,
			);
			isa = PBXSourcesBuildPhase;
			runOnlyForDeploymentPostprocessing = 0;
		};
		29B9732CFDCFA39411CA2CEA = {
			fileRef = 29B97316FDCFA39411CA2CEA;
			isa = PBXBuildFile;
			settings = {
				ATTRIBUTES = (
				);
			};
		};
		29B9732DFDCFA39411CA2CEA = {
			buildActionMask = 2147483647;
			files = (
				1058C7A3FEA54F0111CA2CBB,
			);
			isa = PBXFrameworksBuildPhase;
			runOnlyForDeploymentPostprocessing = 0;
		};
//290
//291
//292
//293
//294
//320
//321
//322
//323
//324
		32CA4F630368D1EE00C91783 = {
			fileEncoding = 4;
			isa = PBXFileReference;
			path = Inform_Prefix.h;
			refType = 4;
		};
		32CA4F650368D2AA00C91783 = {
			fileRef = 32CA4F630368D1EE00C91783;
			isa = PBXBuildFile;
			settings = {
			};
		};
//320
//321
//322
//323
//324
//4A0
//4A1
//4A2
//4A3
//4A4
		4A9504CCFFE6A4B311CA0CBA = {
			buildRules = (
			);
			buildSettings = {
				COPY_PHASE_STRIP = NO;
				OPTIMIZATION_CFLAGS = "-O0";
			};
			isa = PBXBuildStyle;
			name = Development;
		};
		4A9504CDFFE6A4B311CA0CBA = {
			buildRules = (
			);
			buildSettings = {
				COPY_PHASE_STRIP = YES;
				OPTIMIZATION_CFLAGS = "-O3";
			};
			isa = PBXBuildStyle;
			name = Deployment;
		};
//4A0
//4A1
//4A2
//4A3
//4A4
//4B0
//4B1
//4B2
//4B3
//4B4
		4B0BADB304ED109F00A8E303 = {
			buildActionMask = 2147483647;
			files = (
				4B96DFDE04F12E0F00A8E303,
			);
			isa = PBXHeadersBuildPhase;
			runOnlyForDeploymentPostprocessing = 0;
		};
		4B0BADB404ED109F00A8E303 = {
			buildActionMask = 2147483647;
			files = (
				4B96DFC904F12DEC00A8E303,
				4B96DFCA04F12DED00A8E303,
				4B96DFCB04F12DED00A8E303,
				4B96DFCC04F12DEE00A8E303,
				4B96DFCD04F12DEE00A8E303,
				4B96DFCE04F12DEE00A8E303,
				4B96DFCF04F12DF900A8E303,
				4B96DFD004F12DFA00A8E303,
				4B96DFD104F12DFA00A8E303,
				4B96DFD204F12DFA00A8E303,
				4B96DFD304F12DFB00A8E303,
				4B96DFD404F12DFB00A8E303,
				4B96DFD504F12DFC00A8E303,
				4B96DFD604F12DFD00A8E303,
				4B96DFD704F12DFD00A8E303,
				4B96DFD804F12E0800A8E303,
				4B96DFD904F12E0800A8E303,
				4B96DFDA04F12E0900A8E303,
				4B96DFDB04F12E0E00A8E303,
				4B96DFDC04F12E0E00A8E303,
				4B96DFDD04F12E0F00A8E303,
			);
			isa = PBXSourcesBuildPhase;
			runOnlyForDeploymentPostprocessing = 0;
		};
		4B0BADB504ED109F00A8E303 = {
			buildActionMask = 2147483647;
			files = (
			);
			isa = PBXFrameworksBuildPhase;
			runOnlyForDeploymentPostprocessing = 0;
		};
		4B0BADB604ED109F00A8E303 = {
			buildActionMask = 2147483647;
			files = (
			);
			isa = PBXRezBuildPhase;
			runOnlyForDeploymentPostprocessing = 0;
		};
		4B0BADB704ED109F00A8E303 = {
			buildPhases = (
				4B0BADB304ED109F00A8E303,
				4B0BADB404ED109F00A8E303,
				4B0BADB504ED109F00A8E303,
				4B0BADB604ED109F00A8E303,
			);
			buildSettings = {
				OTHER_CFLAGS = "-DUNIX";
				OTHER_LDFLAGS = "";
				OTHER_REZFLAGS = "";
				PRODUCT_NAME = "inform-6.21-glulx";
				REZ_EXECUTABLE = YES;
				SECTORDER_FLAGS = "";
				WARNING_CFLAGS = "-Wmost -Wno-four-char-constants -Wno-unknown-pragmas";
			};
			dependencies = (
			);
			isa = PBXToolTarget;
			name = "Compiler-glulx";
			productInstallPath = /usr/local/bin;
			productName = Compiler;
			productReference = 4B0BADB804ED109F00A8E303;
		};
		4B0BADB804ED109F00A8E303 = {
			isa = PBXExecutableFileReference;
			path = "inform-6.21-glulx";
			refType = 3;
		};
		4B0BADBA04ED10A500A8E303 = {
			children = (
				4B96DFE204F12F4400A8E303,
				4B96DF9C04F12D5300A8E303,
			);
			isa = PBXGroup;
			path = Compiler;
			refType = 2;
		};
		4B0BADE804ED11E900A8E303 = {
			buildActionMask = 2147483647;
			dstPath = Compilers;
			dstSubfolderSpec = 7;
			files = (
				4B96E02404F1349300A8E303,
			);
			isa = PBXCopyFilesBuildPhase;
			runOnlyForDeploymentPostprocessing = 0;
		};
		4B0BADFB04ED13DB00A8E303 = {
			isa = PBXFileReference;
			name = Project.nib;
			path = English.lproj/Project.nib;
			refType = 4;
		};
		4B0BADFD04ED13E700A8E303 = {
			children = (
				4B0BADFB04ED13DB00A8E303,
			);
			isa = PBXVariantGroup;
			name = Project.nib;
			refType = 4;
		};
		4B0BADFE04ED13E700A8E303 = {
			fileRef = 4B0BADFD04ED13E700A8E303;
			isa = PBXBuildFile;
			settings = {
			};
		};
		4B16BFDE0512261800A8E303 = {
			fileEncoding = 4;
			isa = PBXFileReference;
			path = IFProjectFile.h;
			refType = 4;
		};
		4B16BFDF0512261800A8E303 = {
			fileEncoding = 4;
			isa = PBXFileReference;
			path = IFProjectFile.m;
			refType = 4;
		};
		4B16BFE00512261800A8E303 = {
			fileRef = 4B16BFDE0512261800A8E303;
			isa = PBXBuildFile;
			settings = {
			};
		};
		4B16BFE10512261800A8E303 = {
			fileRef = 4B16BFDF0512261800A8E303;
			isa = PBXBuildFile;
			settings = {
			};
		};
		4B16BFE2051246EF00A8E303 = {
			children = (
				4B16BFE3051246EF00A8E303,
			);
			isa = PBXVariantGroup;
			name = NewProject.nib;
			path = "";
			refType = 4;
		};
		4B16BFE3051246EF00A8E303 = {
			isa = PBXFileReference;
			name = English;
			path = English.lproj/NewProject.nib;
			refType = 4;
		};
		4B16BFE4051246EF00A8E303 = {
			fileRef = 4B16BFE2051246EF00A8E303;
			isa = PBXBuildFile;
			settings = {
			};
		};
		4B16BFE505124D9F00A8E303 = {
			fileEncoding = 4;
			isa = PBXFileReference;
			path = IFNewProject.h;
			refType = 4;
		};
		4B16BFE605124D9F00A8E303 = {
			fileEncoding = 4;
			isa = PBXFileReference;
			path = IFNewProject.m;
			refType = 4;
		};
		4B16BFE705124D9F00A8E303 = {
			fileRef = 4B16BFE505124D9F00A8E303;
			isa = PBXBuildFile;
			settings = {
			};
		};
		4B16BFE805124D9F00A8E303 = {
			fileRef = 4B16BFE605124D9F00A8E303;
			isa = PBXBuildFile;
			settings = {
			};
		};
		4B4C4D2E04F3B26400A8E303 = {
			fileEncoding = 4;
			isa = PBXFileReference;
			path = notes.txt;
			refType = 4;
		};
		4B4C4D5D04F3DD2B00A8E303 = {
			fileEncoding = 4;
			isa = PBXFileReference;
			path = IFError.l;
			refType = 4;
		};
		4B4C4D5E04F3DD2B00A8E303 = {
			fileRef = 4B4C4D5D04F3DD2B00A8E303;
			isa = PBXBuildFile;
			settings = {
			};
		};
		4B4C4D5F04F3E00400A8E303 = {
			fileEncoding = 4;
			isa = PBXFileReference;
			path = IFError.h;
			refType = 4;
		};
		4B4C4D6004F3E00400A8E303 = {
			fileRef = 4B4C4D5F04F3E00400A8E303;
			isa = PBXBuildFile;
			settings = {
			};
		};
		4B5CB968050E9B7B00A8E303 = {
			isa = PBXFileReference;
			name = English;
			path = English.lproj/ProjectPane.nib;
			refType = 4;
		};
		4B5CB96A050E9B9C00A8E303 = {
			children = (
				4B5CB968050E9B7B00A8E303,
			);
			isa = PBXVariantGroup;
			name = ProjectPane.nib;
			refType = 4;
		};
		4B5CB96B050E9B9C00A8E303 = {
			fileRef = 4B5CB96A050E9B9C00A8E303;
			isa = PBXBuildFile;
			settings = {
			};
		};
		4B5CB96C050E9BCB00A8E303 = {
			fileEncoding = 4;
			isa = PBXFileReference;
			path = IFProjectPane.h;
			refType = 4;
		};
		4B5CB96D050E9BCB00A8E303 = {
			fileEncoding = 4;
			isa = PBXFileReference;
			path = IFProjectPane.m;
			refType = 4;
		};
		4B5CB96E050E9BCB00A8E303 = {
			fileRef = 4B5CB96C050E9BCB00A8E303;
			isa = PBXBuildFile;
			settings = {
			};
		};
		4B5CB96F050E9BCB00A8E303 = {
			fileRef = 4B5CB96D050E9BCB00A8E303;
			isa = PBXBuildFile;
			settings = {
			};
		};
		4B5CB970050E9E3800A8E303 = {
			fileRef = 29B97318FDCFA39411CA2CEA;
			isa = PBXBuildFile;
			settings = {
			};
		};
		4B94BF7205134C6600A8E303 = {
			children = (
				4B16BFE505124D9F00A8E303,
				4B16BFE605124D9F00A8E303,
				4B94BF7305134C9C00A8E303,
				4B94BF7705134D0700A8E303,
				4B94BF7805134D0700A8E303,
				4B94BF7B05134DD300A8E303,
				4B94BF7C05134DD300A8E303,
				4B94BF7F05134E5500A8E303,
				4B94BF8005134E5500A8E303,
			);
			isa = PBXGroup;
			name = "New project";
			refType = 4;
		};
		4B94BF7305134C9C00A8E303 = {
			fileEncoding = 4;
			isa = PBXFileReference;
			path = IFProjectType.h;
			refType = 4;
		};
		4B94BF7505134C9C00A8E303 = {
			fileRef = 4B94BF7305134C9C00A8E303;
			isa = PBXBuildFile;
			settings = {
			};
		};
		4B94BF7705134D0700A8E303 = {
			fileEncoding = 4;
			isa = PBXFileReference;
			path = IFEmptyProject.h;
			refType = 4;
		};
		4B94BF7805134D0700A8E303 = {
			fileEncoding = 4;
			isa = PBXFileReference;
			path = IFEmptyProject.m;
			refType = 4;
		};
		4B94BF7905134D0700A8E303 = {
			fileRef = 4B94BF7705134D0700A8E303;
			isa = PBXBuildFile;
			settings = {
			};
		};
		4B94BF7A05134D0700A8E303 = {
			fileRef = 4B94BF7805134D0700A8E303;
			isa = PBXBuildFile;
			settings = {
			};
		};
		4B94BF7B05134DD300A8E303 = {
			fileEncoding = 4;
			isa = PBXFileReference;
			path = IFStandardProject.h;
			refType = 4;
		};
		4B94BF7C05134DD300A8E303 = {
			fileEncoding = 4;
			isa = PBXFileReference;
			path = IFStandardProject.m;
			refType = 4;
		};
		4B94BF7D05134DD300A8E303 = {
			fileRef = 4B94BF7B05134DD300A8E303;
			isa = PBXBuildFile;
			settings = {
			};
		};
		4B94BF7E05134DD300A8E303 = {
			fileRef = 4B94BF7C05134DD300A8E303;
			isa = PBXBuildFile;
			settings = {
			};
		};
		4B94BF7F05134E5500A8E303 = {
			fileEncoding = 4;
			isa = PBXFileReference;
			path = IFEmptyNaturalProject.h;
			refType = 4;
		};
		4B94BF8005134E5500A8E303 = {
			fileEncoding = 4;
			isa = PBXFileReference;
			path = IFEmptyNaturalProject.m;
			refType = 4;
		};
		4B94BF8105134E5500A8E303 = {
			fileRef = 4B94BF7F05134E5500A8E303;
			isa = PBXBuildFile;
			settings = {
			};
		};
		4B94BF8205134E5500A8E303 = {
			fileRef = 4B94BF8005134E5500A8E303;
			isa = PBXBuildFile;
			settings = {
			};
		};
		4B94BF8305138C6B00A8E303 = {
			isa = PBXFileReference;
			name = English;
			path = English.lproj/standardMain.inf;
			refType = 4;
		};
		4B94BF8505138C7200A8E303 = {
			children = (
				4B94BF8305138C6B00A8E303,
			);
			isa = PBXVariantGroup;
			name = standardMain.inf;
			refType = 4;
		};
		4B94BF8605138C7200A8E303 = {
			fileRef = 4B94BF8505138C7200A8E303;
			isa = PBXBuildFile;
			settings = {
			};
		};
		4B94BF870513906800A8E303 = {
			children = (
				4B94BF880513906800A8E303,
			);
			isa = PBXVariantGroup;
			name = StandardProjectOptions.nib;
			path = "";
			refType = 4;
		};
		4B94BF880513906800A8E303 = {
			isa = PBXFileReference;
			name = English;
			path = English.lproj/StandardProjectOptions.nib;
			refType = 4;
		};
		4B94BF890513906800A8E303 = {
			fileRef = 4B94BF870513906800A8E303;
			isa = PBXBuildFile;
			settings = {
			};
		};
		4B96DF4F04F11BF500A8E303 = {
			fileEncoding = 4;
			isa = PBXFileReference;
			path = IFAppDelegate.h;
			refType = 4;
		};
		4B96DF5004F11BF500A8E303 = {
			fileEncoding = 4;
			isa = PBXFileReference;
			path = IFAppDelegate.m;
			refType = 4;
		};
		4B96DF5104F11BF500A8E303 = {
			fileRef = 4B96DF4F04F11BF500A8E303;
			isa = PBXBuildFile;
			settings = {
			};
		};
		4B96DF5204F11BF500A8E303 = {
			fileRef = 4B96DF5004F11BF500A8E303;
			isa = PBXBuildFile;
			settings = {
			};
		};
		4B96DF5304F11D5C00A8E303 = {
			children = (
				4B96DF5404F11D5C00A8E303,
			);
			isa = PBXVariantGroup;
			name = Compiling.nib;
			path = "";
			refType = 4;
		};
		4B96DF5404F11D5C00A8E303 = {
			isa = PBXFileReference;
			name = English;
			path = English.lproj/Compiling.nib;
			refType = 4;
		};
		4B96DF5504F11D5C00A8E303 = {
			fileRef = 4B96DF5304F11D5C00A8E303;
			isa = PBXBuildFile;
			settings = {
			};
		};
		4B96DF5604F122A100A8E303 = {
			fileEncoding = 4;
			isa = PBXFileReference;
			path = IFCompilerController.h;
			refType = 4;
		};
		4B96DF5704F122A100A8E303 = {
			fileEncoding = 4;
			isa = PBXFileReference;
			path = IFCompilerController.m;
			refType = 4;
		};
		4B96DF5804F122A100A8E303 = {
			fileRef = 4B96DF5604F122A100A8E303;
			isa = PBXBuildFile;
			settings = {
			};
		};
		4B96DF5904F122A100A8E303 = {
			fileRef = 4B96DF5704F122A100A8E303;
			isa = PBXBuildFile;
			settings = {
			};
		};
		4B96DF5C04F126F200A8E303 = {
			children = (
				4B96DF6204F1278C00A8E303,
				4B96DF6304F1278C00A8E303,
				4B96DF5604F122A100A8E303,
				4B96DF5704F122A100A8E303,
				4B4C4D5F04F3E00400A8E303,
				4B4C4D5D04F3DD2B00A8E303,
			);
			isa = PBXGroup;
			name = Compiler;
			refType = 4;
		};
		4B96DF5D04F126FC00A8E303 = {
			children = (
				4B96DF5E04F1270A00A8E303,
				4B96DF5F04F1270A00A8E303,
			);
			isa = PBXGroup;
			name = Settings;
			refType = 4;
		};
		4B96DF5E04F1270A00A8E303 = {
			fileEncoding = 4;
			isa = PBXFileReference;
			path = IFCompilerSettings.h;
			refType = 4;
		};
		4B96DF5F04F1270A00A8E303 = {
			fileEncoding = 4;
			isa = PBXFileReference;
			path = IFCompilerSettings.m;
			refType = 4;
		};
		4B96DF6004F1270A00A8E303 = {
			fileRef = 4B96DF5E04F1270A00A8E303;
			isa = PBXBuildFile;
			settings = {
			};
		};
		4B96DF6104F1270A00A8E303 = {
			fileRef = 4B96DF5F04F1270A00A8E303;
			isa = PBXBuildFile;
			settings = {
			};
		};
		4B96DF6204F1278C00A8E303 = {
			fileEncoding = 4;
			isa = PBXFileReference;
			path = IFCompiler.h;
			refType = 4;
		};
		4B96DF6304F1278C00A8E303 = {
			fileEncoding = 4;
			isa = PBXFileReference;
			path = IFCompiler.m;
			refType = 4;
		};
		4B96DF6404F1278C00A8E303 = {
			fileRef = 4B96DF6204F1278C00A8E303;
			isa = PBXBuildFile;
			settings = {
			};
		};
		4B96DF6504F1278C00A8E303 = {
			fileRef = 4B96DF6304F1278C00A8E303;
			isa = PBXBuildFile;
			settings = {
			};
		};
		4B96DF7804F12A7700A8E303 = {
			children = (
				4B96DFE304F12FA100A8E303,
				4B96DF7904F12AF200A8E303,
				4B96DF7A04F12AF800A8E303,
			);
			isa = PBXGroup;
			path = Library;
			refType = 4;
		};
		4B96DF7904F12AF200A8E303 = {
			children = (
				4B96DF8304F12C0B00A8E303,
				4B96DF8404F12C0B00A8E303,
				4B96DF8504F12C0B00A8E303,
				4B96DF8604F12C0B00A8E303,
				4B96DF8704F12C0B00A8E303,
				4B96DF8804F12C0B00A8E303,
				4B96DF8904F12C0B00A8E303,
				4B96DF8A04F12C0B00A8E303,
				4B96DF8B04F12C0B00A8E303,
			);
			isa = PBXGroup;
			path = Biplatform;
			refType = 4;
		};
		4B96DF7A04F12AF800A8E303 = {
			children = (
				4B96DF7B04F12B3900A8E303,
				4B96DF7C04F12B3900A8E303,
				4B96DF7D04F12B3900A8E303,
				4B96DF7E04F12B3900A8E303,
			);
			isa = PBXGroup;
			path = Platypus;
			refType = 4;
		};
		4B96DF7B04F12B3900A8E303 = {
			fileEncoding = 30;
			isa = PBXFileReference;
			name = English.h;
			path = Library/Platypus/English.h;
			refType = 2;
		};
		4B96DF7C04F12B3900A8E303 = {
			fileEncoding = 30;
			isa = PBXFileReference;
			name = Last.h;
			path = Library/Platypus/Last.h;
			refType = 2;
		};
		4B96DF7D04F12B3900A8E303 = {
			fileEncoding = 30;
			isa = PBXFileReference;
			name = Middle.h;
			path = Library/Platypus/Middle.h;
			refType = 2;
		};
		4B96DF7E04F12B3900A8E303 = {
			fileEncoding = 30;
			isa = PBXFileReference;
			name = First.h;
			path = Library/Platypus/First.h;
			refType = 2;
		};
		4B96DF7F04F12B3900A8E303 = {
			fileRef = 4B96DF7B04F12B3900A8E303;
			isa = PBXBuildFile;
			settings = {
			};
		};
		4B96DF8004F12B3900A8E303 = {
			fileRef = 4B96DF7C04F12B3900A8E303;
			isa = PBXBuildFile;
			settings = {
			};
		};
		4B96DF8104F12B3900A8E303 = {
			fileRef = 4B96DF7D04F12B3900A8E303;
			isa = PBXBuildFile;
			settings = {
			};
		};
		4B96DF8204F12B3900A8E303 = {
			fileRef = 4B96DF7E04F12B3900A8E303;
			isa = PBXBuildFile;
			settings = {
			};
		};
		4B96DF8304F12C0B00A8E303 = {
			fileEncoding = 30;
			isa = PBXFileReference;
			path = English.h;
			refType = 4;
		};
		4B96DF8404F12C0B00A8E303 = {
			fileEncoding = 30;
			isa = PBXFileReference;
			path = infix.h;
			refType = 4;
		};
		4B96DF8504F12C0B00A8E303 = {
			fileEncoding = 30;
			isa = PBXFileReference;
			path = parserm.h;
			refType = 4;
		};
		4B96DF8604F12C0B00A8E303 = {
			fileEncoding = 30;
			isa = PBXFileReference;
			path = verblibm.h;
			refType = 4;
		};
		4B96DF8704F12C0B00A8E303 = {
			fileEncoding = 30;
			isa = PBXFileReference;
			path = Parser.h;
			refType = 4;
		};
		4B96DF8804F12C0B00A8E303 = {
			fileEncoding = 30;
			isa = PBXFileReference;
			path = linklpa.h;
			refType = 4;
		};
		4B96DF8904F12C0B00A8E303 = {
			fileEncoding = 30;
			isa = PBXFileReference;
			path = Grammar.h;
			refType = 4;
		};
		4B96DF8A04F12C0B00A8E303 = {
			fileEncoding = 30;
			isa = PBXFileReference;
			path = linklv.h;
			refType = 4;
		};
		4B96DF8B04F12C0B00A8E303 = {
			fileEncoding = 30;
			isa = PBXFileReference;
			path = VerbLib.h;
			refType = 4;
		};
		4B96DF8C04F12C0B00A8E303 = {
			fileRef = 4B96DF8304F12C0B00A8E303;
			isa = PBXBuildFile;
			settings = {
			};
		};
		4B96DF8D04F12C0B00A8E303 = {
			fileRef = 4B96DF8404F12C0B00A8E303;
			isa = PBXBuildFile;
			settings = {
			};
		};
		4B96DF8E04F12C0B00A8E303 = {
			fileRef = 4B96DF8504F12C0B00A8E303;
			isa = PBXBuildFile;
			settings = {
			};
		};
		4B96DF8F04F12C0B00A8E303 = {
			fileRef = 4B96DF8604F12C0B00A8E303;
			isa = PBXBuildFile;
			settings = {
			};
		};
		4B96DF9004F12C0B00A8E303 = {
			fileRef = 4B96DF8704F12C0B00A8E303;
			isa = PBXBuildFile;
			settings = {
			};
		};
		4B96DF9104F12C0B00A8E303 = {
			fileRef = 4B96DF8804F12C0B00A8E303;
			isa = PBXBuildFile;
			settings = {
			};
		};
		4B96DF9204F12C0B00A8E303 = {
			fileRef = 4B96DF8904F12C0B00A8E303;
			isa = PBXBuildFile;
			settings = {
			};
		};
		4B96DF9304F12C0B00A8E303 = {
			fileRef = 4B96DF8A04F12C0B00A8E303;
			isa = PBXBuildFile;
			settings = {
			};
		};
		4B96DF9404F12C0B00A8E303 = {
			fileRef = 4B96DF8B04F12C0B00A8E303;
			isa = PBXBuildFile;
			settings = {
			};
		};
		4B96DF9504F12C7B00A8E303 = {
			buildActionMask = 2147483647;
			files = (
				4B96E01004F1345B00A8E303,
			);
			isa = PBXHeadersBuildPhase;
			runOnlyForDeploymentPostprocessing = 0;
		};
		4B96DF9604F12C7B00A8E303 = {
			buildActionMask = 2147483647;
			files = (
				4B96E00C04F1345B00A8E303,
				4B96E00D04F1345B00A8E303,
				4B96E00E04F1345B00A8E303,
				4B96E00F04F1345B00A8E303,
				4B96E01104F1345B00A8E303,
				4B96E01204F1345B00A8E303,
				4B96E01304F1345B00A8E303,
				4B96E01404F1345B00A8E303,
				4B96E01604F1345B00A8E303,
				4B96E01704F1345B00A8E303,
				4B96E01804F1345B00A8E303,
				4B96E01904F1345B00A8E303,
				4B96E01A04F1345B00A8E303,
				4B96E01B04F1345B00A8E303,
				4B96E01C04F1345B00A8E303,
				4B96E01D04F1345B00A8E303,
				4B96E01E04F1345B00A8E303,
				4B96E01F04F1345B00A8E303,
				4B96E02004F1345B00A8E303,
				4B96E02104F1345B00A8E303,
				4B96E04E04F1357700A8E303,
			);
			isa = PBXSourcesBuildPhase;
			runOnlyForDeploymentPostprocessing = 0;
		};
		4B96DF9704F12C7B00A8E303 = {
			buildActionMask = 2147483647;
			files = (
			);
			isa = PBXFrameworksBuildPhase;
			runOnlyForDeploymentPostprocessing = 0;
		};
		4B96DF9804F12C7B00A8E303 = {
			buildActionMask = 2147483647;
			files = (
			);
			isa = PBXRezBuildPhase;
			runOnlyForDeploymentPostprocessing = 0;
		};
		4B96DF9904F12C7B00A8E303 = {
			buildPhases = (
				4B96DF9504F12C7B00A8E303,
				4B96DF9604F12C7B00A8E303,
				4B96DF9704F12C7B00A8E303,
				4B96DF9804F12C7B00A8E303,
			);
			buildSettings = {
				OTHER_CFLAGS = "-DUNIX";
				OTHER_LDFLAGS = "";
				OTHER_REZFLAGS = "";
				PRODUCT_NAME = "inform-6.21-zcode";
				REZ_EXECUTABLE = YES;
				SECTORDER_FLAGS = "";
				WARNING_CFLAGS = "-Wmost -Wno-four-char-constants -Wno-unknown-pragmas";
			};
			dependencies = (
			);
			isa = PBXToolTarget;
			name = "Compiler-ZCode";
			productInstallPath = /usr/local/bin;
			productName = "Compiler-ZCode";
			productReference = 4B96DF9A04F12C7B00A8E303;
		};
		4B96DF9A04F12C7B00A8E303 = {
			isa = PBXExecutableFileReference;
			path = "inform-6.21-zcode";
			refType = 3;
		};
		4B96DF9C04F12D5300A8E303 = {
			children = (
				4B96DFB204F12DE700A8E303,
				4B96DFA704F12DE600A8E303,
				4B96DFA404F12DE600A8E303,
				4B96DFA904F12DE700A8E303,
				4B96DFA604F12DE600A8E303,
				4B96DFA004F12DE600A8E303,
				4B96DF9D04F12DE600A8E303,
				4B96DFA104F12DE600A8E303,
				4B96DFA504F12DE600A8E303,
				4B96DFAB04F12DE700A8E303,
				4B96DFB104F12DE700A8E303,
				4B96DFB004F12DE700A8E303,
				4B96DFAD04F12DE700A8E303,
				4B96DFAF04F12DE700A8E303,
				4B96DFA304F12DE600A8E303,
				4B96DFAA04F12DE700A8E303,
				4B96DFAE04F12DE700A8E303,
				4B96DFA804F12DE600A8E303,
				4B96DFA204F12DE600A8E303,
				4B96DF9E04F12DE600A8E303,
				4B96DFAC04F12DE700A8E303,
				4B96DF9F04F12DE600A8E303,
			);
			isa = PBXGroup;
			name = glulx;
			refType = 4;
		};
		4B96DF9D04F12DE600A8E303 = {
			fileEncoding = 30;
			isa = PBXFileReference;
			name = errors.c;
			path = ../informg621/errors.c;
			refType = 2;
		};
		4B96DF9E04F12DE600A8E303 = {
			fileEncoding = 30;
			isa = PBXFileReference;
			name = text.c;
			path = ../informg621/text.c;
			refType = 2;
		};
		4B96DF9F04F12DE600A8E303 = {
			fileEncoding = 30;
			isa = PBXFileReference;
			name = verbs.c;
			path = ../informg621/verbs.c;
			refType = 2;
		};
		4B96DFA004F12DE600A8E303 = {
			fileEncoding = 30;
			isa = PBXFileReference;
			name = directs.c;
			path = ../informg621/directs.c;
			refType = 2;
		};
		4B96DFA104F12DE600A8E303 = {
			fileEncoding = 30;
			isa = PBXFileReference;
			name = expressc.c;
			path = ../informg621/expressc.c;
			refType = 2;
		};
		4B96DFA204F12DE600A8E303 = {
			fileEncoding = 30;
			isa = PBXFileReference;
			name = tables.c;
			path = ../informg621/tables.c;
			refType = 2;
		};
		4B96DFA304F12DE600A8E303 = {
			fileEncoding = 30;
			isa = PBXFileReference;
			name = objects.c;
			path = ../informg621/objects.c;
			refType = 2;
		};
		4B96DFA404F12DE600A8E303 = {
			fileEncoding = 30;
			isa = PBXFileReference;
			name = asm.c;
			path = ../informg621/asm.c;
			refType = 2;
		};
		4B96DFA504F12DE600A8E303 = {
			fileEncoding = 30;
			isa = PBXFileReference;
			name = expressp.c;
			path = ../informg621/expressp.c;
			refType = 2;
		};
		4B96DFA604F12DE600A8E303 = {
			fileEncoding = 30;
			isa = PBXFileReference;
			name = chars.c;
			path = ../informg621/chars.c;
			refType = 2;
		};
		4B96DFA704F12DE600A8E303 = {
			fileEncoding = 30;
			isa = PBXFileReference;
			name = arrays.c;
			path = ../informg621/arrays.c;
			refType = 2;
		};
		4B96DFA804F12DE600A8E303 = {
			fileEncoding = 30;
			isa = PBXFileReference;
			name = syntax.c;
			path = ../informg621/syntax.c;
			refType = 2;
		};
		4B96DFA904F12DE700A8E303 = {
			fileEncoding = 30;
			isa = PBXFileReference;
			name = bpatch.c;
			path = ../informg621/bpatch.c;
			refType = 2;
		};
		4B96DFAA04F12DE700A8E303 = {
			fileEncoding = 30;
			isa = PBXFileReference;
			name = states.c;
			path = ../informg621/states.c;
			refType = 2;
		};
		4B96DFAB04F12DE700A8E303 = {
			fileEncoding = 30;
			isa = PBXFileReference;
			name = files.c;
			path = ../informg621/files.c;
			refType = 2;
		};
		4B96DFAC04F12DE700A8E303 = {
			fileEncoding = 30;
			isa = PBXFileReference;
			name = veneer.c;
			path = ../informg621/veneer.c;
			refType = 2;
		};
		4B96DFAD04F12DE700A8E303 = {
			fileEncoding = 30;
			isa = PBXFileReference;
			name = linker.c;
			path = ../informg621/linker.c;
			refType = 2;
		};
		4B96DFAE04F12DE700A8E303 = {
			fileEncoding = 30;
			isa = PBXFileReference;
			name = symbols.c;
			path = ../informg621/symbols.c;
			refType = 2;
		};
		4B96DFAF04F12DE700A8E303 = {
			fileEncoding = 30;
			isa = PBXFileReference;
			name = memory.c;
			path = ../informg621/memory.c;
			refType = 2;
		};
		4B96DFB004F12DE700A8E303 = {
			fileEncoding = 30;
			isa = PBXFileReference;
			name = lexer.c;
			path = ../informg621/lexer.c;
			refType = 2;
		};
		4B96DFB104F12DE700A8E303 = {
			fileEncoding = 30;
			isa = PBXFileReference;
			name = inform.c;
			path = ../informg621/inform.c;
			refType = 2;
		};
		4B96DFB204F12DE700A8E303 = {
			fileEncoding = 30;
			isa = PBXFileReference;
			name = header.h;
			path = ../informg621/header.h;
			refType = 2;
		};
		4B96DFC904F12DEC00A8E303 = {
			fileRef = 4B96DF9D04F12DE600A8E303;
			isa = PBXBuildFile;
			settings = {
			};
		};
		4B96DFCA04F12DED00A8E303 = {
			fileRef = 4B96DF9E04F12DE600A8E303;
			isa = PBXBuildFile;
			settings = {
			};
		};
		4B96DFCB04F12DED00A8E303 = {
			fileRef = 4B96DF9F04F12DE600A8E303;
			isa = PBXBuildFile;
			settings = {
			};
		};
		4B96DFCC04F12DEE00A8E303 = {
			fileRef = 4B96DFA004F12DE600A8E303;
			isa = PBXBuildFile;
			settings = {
			};
		};
		4B96DFCD04F12DEE00A8E303 = {
			fileRef = 4B96DFA104F12DE600A8E303;
			isa = PBXBuildFile;
			settings = {
			};
		};
		4B96DFCE04F12DEE00A8E303 = {
			fileRef = 4B96DFA204F12DE600A8E303;
			isa = PBXBuildFile;
			settings = {
			};
		};
		4B96DFCF04F12DF900A8E303 = {
			fileRef = 4B96DFA304F12DE600A8E303;
			isa = PBXBuildFile;
			settings = {
			};
		};
		4B96DFD004F12DFA00A8E303 = {
			fileRef = 4B96DFA404F12DE600A8E303;
			isa = PBXBuildFile;
			settings = {
			};
		};
		4B96DFD104F12DFA00A8E303 = {
			fileRef = 4B96DFA504F12DE600A8E303;
			isa = PBXBuildFile;
			settings = {
			};
		};
		4B96DFD204F12DFA00A8E303 = {
			fileRef = 4B96DFA604F12DE600A8E303;
			isa = PBXBuildFile;
			settings = {
			};
		};
		4B96DFD304F12DFB00A8E303 = {
			fileRef = 4B96DFA704F12DE600A8E303;
			isa = PBXBuildFile;
			settings = {
			};
		};
		4B96DFD404F12DFB00A8E303 = {
			fileRef = 4B96DFA804F12DE600A8E303;
			isa = PBXBuildFile;
			settings = {
			};
		};
		4B96DFD504F12DFC00A8E303 = {
			fileRef = 4B96DFA904F12DE700A8E303;
			isa = PBXBuildFile;
			settings = {
			};
		};
		4B96DFD604F12DFD00A8E303 = {
			fileRef = 4B96DFAA04F12DE700A8E303;
			isa = PBXBuildFile;
			settings = {
			};
		};
		4B96DFD704F12DFD00A8E303 = {
			fileRef = 4B96DFAB04F12DE700A8E303;
			isa = PBXBuildFile;
			settings = {
			};
		};
		4B96DFD804F12E0800A8E303 = {
			fileRef = 4B96DFAC04F12DE700A8E303;
			isa = PBXBuildFile;
			settings = {
			};
		};
		4B96DFD904F12E0800A8E303 = {
			fileRef = 4B96DFAD04F12DE700A8E303;
			isa = PBXBuildFile;
			settings = {
			};
		};
		4B96DFDA04F12E0900A8E303 = {
			fileRef = 4B96DFAE04F12DE700A8E303;
			isa = PBXBuildFile;
			settings = {
			};
		};
		4B96DFDB04F12E0E00A8E303 = {
			fileRef = 4B96DFAF04F12DE700A8E303;
			isa = PBXBuildFile;
			settings = {
			};
		};
		4B96DFDC04F12E0E00A8E303 = {
			fileRef = 4B96DFB004F12DE700A8E303;
			isa = PBXBuildFile;
			settings = {
			};
		};
		4B96DFDD04F12E0F00A8E303 = {
			fileRef = 4B96DFB104F12DE700A8E303;
			isa = PBXBuildFile;
			settings = {
			};
		};
		4B96DFDE04F12E0F00A8E303 = {
			fileRef = 4B96DFB204F12DE700A8E303;
			isa = PBXBuildFile;
			settings = {
			};
		};
		4B96DFE204F12F4400A8E303 = {
			children = (
				4B96DFFA04F1345B00A8E303,
				4B96DFF604F1345B00A8E303,
				4B96E00304F1345B00A8E303,
				4B96E00004F1345B00A8E303,
				4B96E00204F1345B00A8E303,
				4B96DFFD04F1345B00A8E303,
				4B96E04D04F1357700A8E303,
				4B96E00804F1345B00A8E303,
				4B96E00A04F1345B00A8E303,
				4B96DFFE04F1345B00A8E303,
				4B96E00904F1345B00A8E303,
				4B96E00B04F1345B00A8E303,
				4B96DFF904F1345B00A8E303,
				4B96E00704F1345B00A8E303,
				4B96DFFC04F1345B00A8E303,
				4B96DFF804F1345B00A8E303,
				4B96E00104F1345B00A8E303,
				4B96E00604F1345B00A8E303,
				4B96DFFB04F1345B00A8E303,
				4B96DFF704F1345B00A8E303,
				4B96E00504F1345B00A8E303,
				4B96E00404F1345B00A8E303,
			);
			isa = PBXGroup;
			name = zcode;
			refType = 4;
		};
		4B96DFE304F12FA100A8E303 = {
			children = (
				4B96DFE404F131B300A8E303,
				4B96DFE504F131B300A8E303,
				4B96DFE604F131B300A8E303,
				4B96DFE704F131B300A8E303,
				4B96DFE804F131B300A8E303,
				4B96DFE904F131B300A8E303,
				4B96DFEA04F131B300A8E303,
				4B96DFEB04F131B300A8E303,
				4B96DFEC04F131B300A8E303,
			);
			isa = PBXGroup;
			name = Standard;
			path = Biplatform/Standard;
			refType = 4;
		};
		4B96DFE404F131B300A8E303 = {
			fileEncoding = 30;
			isa = PBXFileReference;
			path = English.h;
			refType = 4;
		};
		4B96DFE504F131B300A8E303 = {
			fileEncoding = 30;
			isa = PBXFileReference;
			path = Parser.h;
			refType = 4;
		};
		4B96DFE604F131B300A8E303 = {
			fileEncoding = 30;
			isa = PBXFileReference;
			path = Grammar.h;
			refType = 4;
		};
		4B96DFE704F131B300A8E303 = {
			fileEncoding = 30;
			isa = PBXFileReference;
			path = verblibm.h;
			refType = 4;
		};
		4B96DFE804F131B300A8E303 = {
			fileEncoding = 30;
			isa = PBXFileReference;
			path = Verblib.h;
			refType = 4;
		};
		4B96DFE904F131B300A8E303 = {
			fileEncoding = 30;
			isa = PBXFileReference;
			path = parserm.h;
			refType = 4;
		};
		4B96DFEA04F131B300A8E303 = {
			fileEncoding = 30;
			isa = PBXFileReference;
			path = infix.h;
			refType = 4;
		};
		4B96DFEB04F131B300A8E303 = {
			fileEncoding = 30;
			isa = PBXFileReference;
			path = linklv.h;
			refType = 4;
		};
		4B96DFEC04F131B300A8E303 = {
			fileEncoding = 30;
			isa = PBXFileReference;
			path = linklpa.h;
			refType = 4;
		};
		4B96DFED04F131B300A8E303 = {
			fileRef = 4B96DFE404F131B300A8E303;
			isa = PBXBuildFile;
			settings = {
			};
		};
		4B96DFEE04F131B300A8E303 = {
			fileRef = 4B96DFE504F131B300A8E303;
			isa = PBXBuildFile;
			settings = {
			};
		};
		4B96DFEF04F131B300A8E303 = {
			fileRef = 4B96DFE604F131B300A8E303;
			isa = PBXBuildFile;
			settings = {
			};
		};
		4B96DFF004F131B300A8E303 = {
			fileRef = 4B96DFE704F131B300A8E303;
			isa = PBXBuildFile;
			settings = {
			};
		};
		4B96DFF104F131B300A8E303 = {
			fileRef = 4B96DFE804F131B300A8E303;
			isa = PBXBuildFile;
			settings = {
			};
		};
		4B96DFF204F131B300A8E303 = {
			fileRef = 4B96DFE904F131B300A8E303;
			isa = PBXBuildFile;
			settings = {
			};
		};
		4B96DFF304F131B300A8E303 = {
			fileRef = 4B96DFEA04F131B300A8E303;
			isa = PBXBuildFile;
			settings = {
			};
		};
		4B96DFF404F131B300A8E303 = {
			fileRef = 4B96DFEB04F131B300A8E303;
			isa = PBXBuildFile;
			settings = {
			};
		};
		4B96DFF504F131B300A8E303 = {
			fileRef = 4B96DFEC04F131B300A8E303;
			isa = PBXBuildFile;
			settings = {
			};
		};
		4B96DFF604F1345B00A8E303 = {
			fileEncoding = 30;
			isa = PBXFileReference;
			name = arrays.c;
			path = ../informz621/arrays.c;
			refType = 2;
		};
		4B96DFF704F1345B00A8E303 = {
			fileEncoding = 30;
			isa = PBXFileReference;
			name = text.c;
			path = ../informz621/text.c;
			refType = 2;
		};
		4B96DFF804F1345B00A8E303 = {
			fileEncoding = 30;
			isa = PBXFileReference;
			name = states.c;
			path = ../informz621/states.c;
			refType = 2;
		};
		4B96DFF904F1345B00A8E303 = {
			fileEncoding = 30;
			isa = PBXFileReference;
			name = linker.c;
			path = ../informz621/linker.c;
			refType = 2;
		};
		4B96DFFA04F1345B00A8E303 = {
			fileEncoding = 30;
			isa = PBXFileReference;
			name = header.h;
			path = ../informz621/header.h;
			refType = 2;
		};
		4B96DFFB04F1345B00A8E303 = {
			fileEncoding = 30;
			isa = PBXFileReference;
			name = tables.c;
			path = ../informz621/tables.c;
			refType = 2;
		};
		4B96DFFC04F1345B00A8E303 = {
			fileEncoding = 30;
			isa = PBXFileReference;
			name = objects.c;
			path = ../informz621/objects.c;
			refType = 2;
		};
		4B96DFFD04F1345B00A8E303 = {
			fileEncoding = 30;
			isa = PBXFileReference;
			name = directs.c;
			path = ../informz621/directs.c;
			refType = 2;
		};
		4B96DFFE04F1345B00A8E303 = {
			fileEncoding = 30;
			isa = PBXFileReference;
			name = files.c;
			path = ../informz621/files.c;
			refType = 2;
		};
		4B96E00004F1345B00A8E303 = {
			fileEncoding = 30;
			isa = PBXFileReference;
			name = bpatch.c;
			path = ../informz621/bpatch.c;
			refType = 2;
		};
		4B96E00104F1345B00A8E303 = {
			fileEncoding = 30;
			isa = PBXFileReference;
			name = symbols.c;
			path = ../informz621/symbols.c;
			refType = 2;
		};
		4B96E00204F1345B00A8E303 = {
			fileEncoding = 30;
			isa = PBXFileReference;
			name = chars.c;
			path = ../informz621/chars.c;
			refType = 2;
		};
		4B96E00304F1345B00A8E303 = {
			fileEncoding = 30;
			isa = PBXFileReference;
			name = asm.c;
			path = ../informz621/asm.c;
			refType = 2;
		};
		4B96E00404F1345B00A8E303 = {
			fileEncoding = 30;
			isa = PBXFileReference;
			name = verbs.c;
			path = ../informz621/verbs.c;
			refType = 2;
		};
		4B96E00504F1345B00A8E303 = {
			fileEncoding = 30;
			isa = PBXFileReference;
			name = veneer.c;
			path = ../informz621/veneer.c;
			refType = 2;
		};
		4B96E00604F1345B00A8E303 = {
			fileEncoding = 30;
			isa = PBXFileReference;
			name = syntax.c;
			path = ../informz621/syntax.c;
			refType = 2;
		};
		4B96E00704F1345B00A8E303 = {
			fileEncoding = 30;
			isa = PBXFileReference;
			name = memory.c;
			path = ../informz621/memory.c;
			refType = 2;
		};
		4B96E00804F1345B00A8E303 = {
			fileEncoding = 30;
			isa = PBXFileReference;
			name = expressc.c;
			path = ../informz621/expressc.c;
			refType = 2;
		};
		4B96E00904F1345B00A8E303 = {
			fileEncoding = 30;
			isa = PBXFileReference;
			name = inform.c;
			path = ../informz621/inform.c;
			refType = 2;
		};
		4B96E00A04F1345B00A8E303 = {
			fileEncoding = 30;
			isa = PBXFileReference;
			name = expressp.c;
			path = ../informz621/expressp.c;
			refType = 2;
		};
		4B96E00B04F1345B00A8E303 = {
			fileEncoding = 30;
			isa = PBXFileReference;
			name = lexer.c;
			path = ../informz621/lexer.c;
			refType = 2;
		};
		4B96E00C04F1345B00A8E303 = {
			fileRef = 4B96DFF604F1345B00A8E303;
			isa = PBXBuildFile;
			settings = {
			};
		};
		4B96E00D04F1345B00A8E303 = {
			fileRef = 4B96DFF704F1345B00A8E303;
			isa = PBXBuildFile;
			settings = {
			};
		};
		4B96E00E04F1345B00A8E303 = {
			fileRef = 4B96DFF804F1345B00A8E303;
			isa = PBXBuildFile;
			settings = {
			};
		};
		4B96E00F04F1345B00A8E303 = {
			fileRef = 4B96DFF904F1345B00A8E303;
			isa = PBXBuildFile;
			settings = {
			};
		};
		4B96E01004F1345B00A8E303 = {
			fileRef = 4B96DFFA04F1345B00A8E303;
			isa = PBXBuildFile;
			settings = {
			};
		};
		4B96E01104F1345B00A8E303 = {
			fileRef = 4B96DFFB04F1345B00A8E303;
			isa = PBXBuildFile;
			settings = {
			};
		};
		4B96E01204F1345B00A8E303 = {
			fileRef = 4B96DFFC04F1345B00A8E303;
			isa = PBXBuildFile;
			settings = {
			};
		};
		4B96E01304F1345B00A8E303 = {
			fileRef = 4B96DFFD04F1345B00A8E303;
			isa = PBXBuildFile;
			settings = {
			};
		};
		4B96E01404F1345B00A8E303 = {
			fileRef = 4B96DFFE04F1345B00A8E303;
			isa = PBXBuildFile;
			settings = {
			};
		};
		4B96E01604F1345B00A8E303 = {
			fileRef = 4B96E00004F1345B00A8E303;
			isa = PBXBuildFile;
			settings = {
			};
		};
		4B96E01704F1345B00A8E303 = {
			fileRef = 4B96E00104F1345B00A8E303;
			isa = PBXBuildFile;
			settings = {
			};
		};
		4B96E01804F1345B00A8E303 = {
			fileRef = 4B96E00204F1345B00A8E303;
			isa = PBXBuildFile;
			settings = {
			};
		};
		4B96E01904F1345B00A8E303 = {
			fileRef = 4B96E00304F1345B00A8E303;
			isa = PBXBuildFile;
			settings = {
			};
		};
		4B96E01A04F1345B00A8E303 = {
			fileRef = 4B96E00404F1345B00A8E303;
			isa = PBXBuildFile;
			settings = {
			};
		};
		4B96E01B04F1345B00A8E303 = {
			fileRef = 4B96E00504F1345B00A8E303;
			isa = PBXBuildFile;
			settings = {
			};
		};
		4B96E01C04F1345B00A8E303 = {
			fileRef = 4B96E00604F1345B00A8E303;
			isa = PBXBuildFile;
			settings = {
			};
		};
		4B96E01D04F1345B00A8E303 = {
			fileRef = 4B96E00704F1345B00A8E303;
			isa = PBXBuildFile;
			settings = {
			};
		};
		4B96E01E04F1345B00A8E303 = {
			fileRef = 4B96E00804F1345B00A8E303;
			isa = PBXBuildFile;
			settings = {
			};
		};
		4B96E01F04F1345B00A8E303 = {
			fileRef = 4B96E00904F1345B00A8E303;
			isa = PBXBuildFile;
			settings = {
			};
		};
		4B96E02004F1345B00A8E303 = {
			fileRef = 4B96E00A04F1345B00A8E303;
			isa = PBXBuildFile;
			settings = {
			};
		};
		4B96E02104F1345B00A8E303 = {
			fileRef = 4B96E00B04F1345B00A8E303;
			isa = PBXBuildFile;
			settings = {
			};
		};
		4B96E02204F1346900A8E303 = {
			isa = PBXTargetDependency;
			target = 4B96DF9904F12C7B00A8E303;
		};
		4B96E02404F1349300A8E303 = {
			fileRef = 4B96DF9A04F12C7B00A8E303;
			isa = PBXBuildFile;
			settings = {
			};
		};
		4B96E04D04F1357700A8E303 = {
			fileEncoding = 30;
			isa = PBXFileReference;
			name = errors.c;
			path = ../informz621/errors.c;
			refType = 2;
		};
		4B96E04E04F1357700A8E303 = {
			fileRef = 4B96E04D04F1357700A8E303;
			isa = PBXBuildFile;
			settings = {
			};
		};
		4B96E04F04F1464F00A8E303 = {
			buildActionMask = 2147483647;
			dstPath = Library/Standard;
			dstSubfolderSpec = 7;
			files = (
				4B96E05004F1466600A8E303,
				4B96E05104F1466600A8E303,
				4B96E05204F1466600A8E303,
				4B96E05304F1466600A8E303,
				4B96E05404F1466600A8E303,
				4B96E05504F1466600A8E303,
				4B96E05604F1466600A8E303,
				4B96E05704F1466600A8E303,
				4B96E05804F1466600A8E303,
			);
			isa = PBXCopyFilesBuildPhase;
			runOnlyForDeploymentPostprocessing = 0;
		};
		4B96E05004F1466600A8E303 = {
			fileRef = 4B96DFE404F131B300A8E303;
			isa = PBXBuildFile;
			settings = {
			};
		};
		4B96E05104F1466600A8E303 = {
			fileRef = 4B96DFE504F131B300A8E303;
			isa = PBXBuildFile;
			settings = {
			};
		};
		4B96E05204F1466600A8E303 = {
			fileRef = 4B96DFE604F131B300A8E303;
			isa = PBXBuildFile;
			settings = {
			};
		};
		4B96E05304F1466600A8E303 = {
			fileRef = 4B96DFE704F131B300A8E303;
			isa = PBXBuildFile;
			settings = {
			};
		};
		4B96E05404F1466600A8E303 = {
			fileRef = 4B96DFE804F131B300A8E303;
			isa = PBXBuildFile;
			settings = {
			};
		};
		4B96E05504F1466600A8E303 = {
			fileRef = 4B96DFE904F131B300A8E303;
			isa = PBXBuildFile;
			settings = {
			};
		};
		4B96E05604F1466600A8E303 = {
			fileRef = 4B96DFEA04F131B300A8E303;
			isa = PBXBuildFile;
			settings = {
			};
		};
		4B96E05704F1466600A8E303 = {
			fileRef = 4B96DFEB04F131B300A8E303;
			isa = PBXBuildFile;
			settings = {
			};
		};
		4B96E05804F1466600A8E303 = {
			fileRef = 4B96DFEC04F131B300A8E303;
			isa = PBXBuildFile;
			settings = {
			};
		};
		4B96E05904F1467000A8E303 = {
			buildActionMask = 2147483647;
			dstPath = Library/Biplatform;
			dstSubfolderSpec = 7;
			files = (
				4B96E05A04F1468B00A8E303,
				4B96E05B04F1468B00A8E303,
				4B96E05C04F1468B00A8E303,
				4B96E05D04F1468B00A8E303,
				4B96E05E04F1468B00A8E303,
				4B96E05F04F1468B00A8E303,
				4B96E06004F1468B00A8E303,
				4B96E06104F1468B00A8E303,
				4B96E06204F1468B00A8E303,
			);
			isa = PBXCopyFilesBuildPhase;
			runOnlyForDeploymentPostprocessing = 0;
		};
		4B96E05A04F1468B00A8E303 = {
			fileRef = 4B96DF8304F12C0B00A8E303;
			isa = PBXBuildFile;
			settings = {
			};
		};
		4B96E05B04F1468B00A8E303 = {
			fileRef = 4B96DF8404F12C0B00A8E303;
			isa = PBXBuildFile;
			settings = {
			};
		};
		4B96E05C04F1468B00A8E303 = {
			fileRef = 4B96DF8504F12C0B00A8E303;
			isa = PBXBuildFile;
			settings = {
			};
		};
		4B96E05D04F1468B00A8E303 = {
			fileRef = 4B96DF8604F12C0B00A8E303;
			isa = PBXBuildFile;
			settings = {
			};
		};
		4B96E05E04F1468B00A8E303 = {
			fileRef = 4B96DF8704F12C0B00A8E303;
			isa = PBXBuildFile;
			settings = {
			};
		};
		4B96E05F04F1468B00A8E303 = {
			fileRef = 4B96DF8804F12C0B00A8E303;
			isa = PBXBuildFile;
			settings = {
			};
		};
		4B96E06004F1468B00A8E303 = {
			fileRef = 4B96DF8904F12C0B00A8E303;
			isa = PBXBuildFile;
			settings = {
			};
		};
		4B96E06104F1468B00A8E303 = {
			fileRef = 4B96DF8A04F12C0B00A8E303;
			isa = PBXBuildFile;
			settings = {
			};
		};
		4B96E06204F1468B00A8E303 = {
			fileRef = 4B96DF8B04F12C0B00A8E303;
			isa = PBXBuildFile;
			settings = {
			};
		};
		4BE6AB2A04FCFB0B00A8E303 = {
			children = (
				4BE6AB2B04FCFB0B00A8E303,
			);
			isa = PBXVariantGroup;
			name = AllOptions.nib;
			path = "";
			refType = 4;
		};
		4BE6AB2B04FCFB0B00A8E303 = {
			isa = PBXFileReference;
			name = English;
			path = English.lproj/AllOptions.nib;
			refType = 4;
		};
		4BE6AB2C04FD09D900A8E303 = {
			children = (
				4B94BF7205134C6600A8E303,
				4BE6AB2F04FD0BEC00A8E303,
				4BE6AB3004FD0BEC00A8E303,
				4BE6AB3304FD0CC700A8E303,
				4BE6AB3404FD0CC700A8E303,
				4B5CB96C050E9BCB00A8E303,
				4B5CB96D050E9BCB00A8E303,
				4B16BFDE0512261800A8E303,
				4B16BFDF0512261800A8E303,
			);
			isa = PBXGroup;
			name = Project;
			refType = 4;
		};
		4BE6AB2F04FD0BEC00A8E303 = {
			fileEncoding = 4;
			isa = PBXFileReference;
			path = IFProject.h;
			refType = 4;
		};
		4BE6AB3004FD0BEC00A8E303 = {
			fileEncoding = 4;
			isa = PBXFileReference;
			path = IFProject.m;
			refType = 4;
		};
		4BE6AB3104FD0BEC00A8E303 = {
			fileRef = 4BE6AB2F04FD0BEC00A8E303;
			isa = PBXBuildFile;
			settings = {
			};
		};
		4BE6AB3204FD0BEC00A8E303 = {
			fileRef = 4BE6AB3004FD0BEC00A8E303;
			isa = PBXBuildFile;
			settings = {
			};
		};
		4BE6AB3304FD0CC700A8E303 = {
			fileEncoding = 4;
			isa = PBXFileReference;
			path = IFProjectController.h;
			refType = 4;
		};
		4BE6AB3404FD0CC700A8E303 = {
			fileEncoding = 4;
			isa = PBXFileReference;
			path = IFProjectController.m;
			refType = 4;
		};
		4BE6AB3504FD0CC700A8E303 = {
			fileRef = 4BE6AB3304FD0CC700A8E303;
			isa = PBXBuildFile;
			settings = {
			};
		};
		4BE6AB3604FD0CC700A8E303 = {
			fileRef = 4BE6AB3404FD0CC700A8E303;
			isa = PBXBuildFile;
			settings = {
			};
		};
		4BE6AB3904FD0EE900A8E303 = {
			isa = PBXFileReference;
			name = English;
			path = English.lproj/Credits.rtf;
			refType = 4;
		};
		4BE6AB3B04FD0EF300A8E303 = {
			children = (
				4BE6AB3904FD0EE900A8E303,
			);
			isa = PBXVariantGroup;
			name = Credits.rtf;
			refType = 4;
		};
		4BE6AB3C04FD0EF300A8E303 = {
			fileRef = 4BE6AB3B04FD0EF300A8E303;
			isa = PBXBuildFile;
			settings = {
			};
		};
	};
	rootObject = 29B97313FDCFA39411CA2CEA;
}
