// !$*UTF8*$!
{
	archiveVersion = 1;
	classes = {
	};
	objectVersion = 39;
	objects = {
		080E96DDFE201D6D7F000001 = {
			children = (
				4B96DF4F04F11BF500A8E303,
				4B96DF5004F11BF500A8E303,
				4B96DF5D04F126FC00A8E303,
				4B96DF5C04F126F200A8E303,
				4BE6AB2C04FD09D900A8E303,
			);
			isa = PBXGroup;
			name = Classes;
			refType = 4;
			sourceTree = "<group>";
		};
		089C165CFE840E0CC02AAC07 = {
			children = (
				089C165DFE840E0CC02AAC07,
			);
			isa = PBXVariantGroup;
			name = InfoPlist.strings;
			refType = 4;
			sourceTree = "<group>";
		};
		089C165DFE840E0CC02AAC07 = {
			fileEncoding = 10;
			isa = PBXFileReference;
			lastKnownFileType = text.plist.strings;
			name = English;
			path = English.lproj/InfoPlist.strings;
			refType = 4;
			sourceTree = "<group>";
		};
//080
//081
//082
//083
//084
//100
//101
//102
//103
//104
		1058C7A0FEA54F0111CA2CBB = {
			children = (
				4BC3269D0614C70200B2533B,
				4B75B12B055D94D800EDF9C9,
				1058C7A1FEA54F0111CA2CBB,
			);
			isa = PBXGroup;
			name = "Linked Frameworks";
			refType = 4;
			sourceTree = "<group>";
		};
		1058C7A1FEA54F0111CA2CBB = {
			fallbackIsa = PBXFileReference;
			isa = PBXFrameworkReference;
			lastKnownFileType = wrapper.framework;
			name = Cocoa.framework;
			path = /System/Library/Frameworks/Cocoa.framework;
			refType = 0;
			sourceTree = "<absolute>";
		};
		1058C7A2FEA54F0111CA2CBB = {
			children = (
				29B97325FDCFA39411CA2CEA,
				29B97324FDCFA39411CA2CEA,
			);
			isa = PBXGroup;
			name = "Other Frameworks";
			refType = 4;
			sourceTree = "<group>";
		};
//100
//101
//102
//103
//104
//190
//191
//192
//193
//194
		19C28FACFE9D520D11CA2CBB = {
			children = (
				4B0BADB804ED109F00A8E303,
				4B96DF9A04F12C7B00A8E303,
				4BD95A34055EE949008DEFF4,
				4B133E0C0587896000742783,
			);
			isa = PBXGroup;
			name = Products;
			refType = 4;
			sourceTree = "<group>";
		};
//190
//191
//192
//193
//194
//290
//291
//292
//293
//294
		29B97313FDCFA39411CA2CEA = {
			buildSettings = {
			};
			buildStyles = (
				4A9504CCFFE6A4B311CA0CBA,
				4A9504CDFFE6A4B311CA0CBA,
			);
			hasScannedForEncodings = 1;
			isa = PBXProject;
			mainGroup = 29B97314FDCFA39411CA2CEA;
			projectDirPath = "";
			targets = (
				4BD959F3055EE949008DEFF4,
				4B0BADB704ED109F00A8E303,
				4B96DF9904F12C7B00A8E303,
				4B133E0B0587896000742783,
			);
		};
		29B97314FDCFA39411CA2CEA = {
			children = (
				4BA9115D055D99CB00A6E9CC,
				4B4C4D2E04F3B26400A8E303,
				4BC977C4057B3E8B00447AAA,
				4B96DF7804F12A7700A8E303,
				4B0BADBA04ED10A500A8E303,
				080E96DDFE201D6D7F000001,
				29B97315FDCFA39411CA2CEA,
				29B97317FDCFA39411CA2CEA,
				29B97323FDCFA39411CA2CEA,
				19C28FACFE9D520D11CA2CBB,
				4BD95A33055EE949008DEFF4,
			);
			isa = PBXGroup;
			name = Inform;
			path = "";
			refType = 4;
			sourceTree = "<group>";
		};
		29B97315FDCFA39411CA2CEA = {
			children = (
				32CA4F630368D1EE00C91783,
				29B97316FDCFA39411CA2CEA,
			);
			isa = PBXGroup;
			name = "Other Sources";
			path = "";
			refType = 4;
			sourceTree = "<group>";
		};
		29B97316FDCFA39411CA2CEA = {
			fileEncoding = 30;
			isa = PBXFileReference;
			lastKnownFileType = sourcecode.c.objc;
			path = main.m;
			refType = 4;
			sourceTree = "<group>";
		};
		29B97317FDCFA39411CA2CEA = {
			children = (
				4B6B186D05DE744200BB2601,
				4B6B188C05DE83A200BB2601,
				4BCFC9F805DED62E0028C277,
				4BCFC9F905DED62E0028C277,
				4BCFC9FA05DED62E0028C277,
				4B6B188D05DE83A200BB2601,
				4B6B188305DE789600BB2601,
				4B6B186E05DE744200BB2601,
				4B6B186F05DE744200BB2601,
				4B6B188405DE789600BB2601,
				4B1A2FD405D7F00900746E81,
				4B75B16A055D97DB00EDF9C9,
				4B94BF8505138C7200A8E303,
				4B5CB96A050E9B9C00A8E303,
				4B0BADFD04ED13E700A8E303,
				29B97318FDCFA39411CA2CEA,
				4B96DF5304F11D5C00A8E303,
				089C165CFE840E0CC02AAC07,
				4BE6AB2A04FCFB0B00A8E303,
				4BE6AB3B04FD0EF300A8E303,
				4B16BFE2051246EF00A8E303,
				4B94BF870513906800A8E303,
				4BC326960614C6A000B2533B,
			);
			isa = PBXGroup;
			name = Resources;
			path = "";
			refType = 4;
			sourceTree = "<group>";
		};
		29B97318FDCFA39411CA2CEA = {
			children = (
				29B97319FDCFA39411CA2CEA,
			);
			isa = PBXVariantGroup;
			name = MainMenu.nib;
			path = "";
			refType = 4;
			sourceTree = "<group>";
		};
		29B97319FDCFA39411CA2CEA = {
			isa = PBXFileReference;
			lastKnownFileType = wrapper.nib;
			name = English;
			path = English.lproj/MainMenu.nib;
			refType = 4;
			sourceTree = "<group>";
		};
		29B97323FDCFA39411CA2CEA = {
			children = (
				1058C7A0FEA54F0111CA2CBB,
				1058C7A2FEA54F0111CA2CBB,
			);
			isa = PBXGroup;
			name = Frameworks;
			path = "";
			refType = 4;
			sourceTree = "<group>";
		};
		29B97324FDCFA39411CA2CEA = {
			fallbackIsa = PBXFileReference;
			isa = PBXFrameworkReference;
			lastKnownFileType = wrapper.framework;
			name = AppKit.framework;
			path = /System/Library/Frameworks/AppKit.framework;
			refType = 0;
			sourceTree = "<absolute>";
		};
		29B97325FDCFA39411CA2CEA = {
			fallbackIsa = PBXFileReference;
			isa = PBXFrameworkReference;
			lastKnownFileType = wrapper.framework;
			name = Foundation.framework;
			path = /System/Library/Frameworks/Foundation.framework;
			refType = 0;
			sourceTree = "<absolute>";
		};
//290
//291
//292
//293
//294
//320
//321
//322
//323
//324
		32CA4F630368D1EE00C91783 = {
			fileEncoding = 4;
			isa = PBXFileReference;
			lastKnownFileType = sourcecode.c.h;
			path = Inform_Prefix.h;
			refType = 4;
			sourceTree = "<group>";
		};
//320
//321
//322
//323
//324
//4A0
//4A1
//4A2
//4A3
//4A4
		4A9504CCFFE6A4B311CA0CBA = {
			buildRules = (
			);
			buildSettings = {
				COPY_PHASE_STRIP = NO;
				GCC_DYNAMIC_NO_PIC = NO;
				GCC_ENABLE_FIX_AND_CONTINUE = NO;
				GCC_GENERATE_DEBUGGING_SYMBOLS = YES;
				GCC_OPTIMIZATION_LEVEL = 0;
				OPTIMIZATION_CFLAGS = "-O0";
				ZERO_LINK = NO;
			};
			isa = PBXBuildStyle;
			name = Development;
		};
		4A9504CDFFE6A4B311CA0CBA = {
			buildRules = (
			);
			buildSettings = {
				COPY_PHASE_STRIP = YES;
				GCC_ENABLE_FIX_AND_CONTINUE = NO;
				OPTIMIZATION_CFLAGS = "-O3";
				ZERO_LINK = NO;
			};
			isa = PBXBuildStyle;
			name = Deployment;
		};
//4A0
//4A1
//4A2
//4A3
//4A4
//4B0
//4B1
//4B2
//4B3
//4B4
		4B0BADB304ED109F00A8E303 = {
			buildActionMask = 2147483647;
			files = (
				4B96DFDE04F12E0F00A8E303,
			);
			isa = PBXHeadersBuildPhase;
			runOnlyForDeploymentPostprocessing = 0;
		};
		4B0BADB404ED109F00A8E303 = {
			buildActionMask = 2147483647;
			files = (
				4B96DFC904F12DEC00A8E303,
				4B96DFCA04F12DED00A8E303,
				4B96DFCB04F12DED00A8E303,
				4B96DFCC04F12DEE00A8E303,
				4B96DFCD04F12DEE00A8E303,
				4B96DFCE04F12DEE00A8E303,
				4B96DFCF04F12DF900A8E303,
				4B96DFD004F12DFA00A8E303,
				4B96DFD104F12DFA00A8E303,
				4B96DFD204F12DFA00A8E303,
				4B96DFD304F12DFB00A8E303,
				4B96DFD404F12DFB00A8E303,
				4B96DFD504F12DFC00A8E303,
				4B96DFD604F12DFD00A8E303,
				4B96DFD704F12DFD00A8E303,
				4B96DFD804F12E0800A8E303,
				4B96DFD904F12E0800A8E303,
				4B96DFDA04F12E0900A8E303,
				4B96DFDB04F12E0E00A8E303,
				4B96DFDC04F12E0E00A8E303,
				4B96DFDD04F12E0F00A8E303,
			);
			isa = PBXSourcesBuildPhase;
			runOnlyForDeploymentPostprocessing = 0;
		};
		4B0BADB504ED109F00A8E303 = {
			buildActionMask = 2147483647;
			files = (
			);
			isa = PBXFrameworksBuildPhase;
			runOnlyForDeploymentPostprocessing = 0;
		};
		4B0BADB604ED109F00A8E303 = {
			buildActionMask = 2147483647;
			files = (
			);
			isa = PBXRezBuildPhase;
			runOnlyForDeploymentPostprocessing = 0;
		};
		4B0BADB704ED109F00A8E303 = {
			buildPhases = (
				4B0BADB304ED109F00A8E303,
				4B0BADB404ED109F00A8E303,
				4B0BADB504ED109F00A8E303,
				4B0BADB604ED109F00A8E303,
			);
			buildSettings = {
				OTHER_CFLAGS = "-DUNIX";
				OTHER_LDFLAGS = "";
				OTHER_REZFLAGS = "";
				PRODUCT_NAME = "inform-6.21-glulx";
				REZ_EXECUTABLE = YES;
				SECTORDER_FLAGS = "";
				WARNING_CFLAGS = "-Wmost -Wno-four-char-constants -Wno-unknown-pragmas";
			};
			dependencies = (
			);
			isa = PBXToolTarget;
			name = "Compiler-glulx";
			productInstallPath = /usr/local/bin;
			productName = Compiler;
			productReference = 4B0BADB804ED109F00A8E303;
		};
		4B0BADB804ED109F00A8E303 = {
			explicitFileType = "compiled.mach-o.executable";
			fallbackIsa = PBXFileReference;
			isa = PBXExecutableFileReference;
			path = "inform-6.21-glulx";
			refType = 3;
			sourceTree = BUILT_PRODUCTS_DIR;
		};
		4B0BADBA04ED10A500A8E303 = {
			children = (
				4B133E020587890E00742783,
				4B96DFE204F12F4400A8E303,
				4B96DF9C04F12D5300A8E303,
			);
			isa = PBXGroup;
			path = Compiler;
			refType = 2;
			sourceTree = SOURCE_ROOT;
		};
		4B0BADFB04ED13DB00A8E303 = {
			isa = PBXFileReference;
			lastKnownFileType = wrapper.nib;
			name = Project.nib;
			path = English.lproj/Project.nib;
			refType = 4;
			sourceTree = "<group>";
		};
		4B0BADFD04ED13E700A8E303 = {
			children = (
				4B0BADFB04ED13DB00A8E303,
			);
			isa = PBXVariantGroup;
			name = Project.nib;
			refType = 4;
			sourceTree = "<group>";
		};
		4B133E020587890E00742783 = {
			children = (
				4B133E11058789A800742783,
				4B133E12058789A800742783,
				4B133E13058789A800742783,
				4B133E14058789A800742783,
				4B133E15058789A800742783,
				4B133E16058789A800742783,
				4B133E17058789A800742783,
				4B133E18058789A800742783,
				4B133E19058789A800742783,
				4B133E1A058789A800742783,
				4B133E1B058789A800742783,
				4B133E1C058789A800742783,
				4B133E1D058789A800742783,
				4B133E1E058789A800742783,
				4B133E1F058789A800742783,
				4B133E20058789A800742783,
				4B133E21058789A800742783,
				4B133E22058789A800742783,
				4B133E23058789A800742783,
				4B133E24058789A800742783,
				4B133E25058789A800742783,
				4B133E26058789A800742783,
			);
			isa = PBXGroup;
			name = inform63;
			path = ../inform63;
			refType = 2;
			sourceTree = SOURCE_ROOT;
		};
		4B133E090587896000742783 = {
			buildActionMask = 2147483647;
			files = (
				4B133E2F058789A800742783,
			);
			isa = PBXHeadersBuildPhase;
			runOnlyForDeploymentPostprocessing = 0;
		};
		4B133E0A0587896000742783 = {
			buildActionMask = 2147483647;
			files = (
				4B133E27058789A800742783,
				4B133E28058789A800742783,
				4B133E29058789A800742783,
				4B133E2A058789A800742783,
				4B133E2B058789A800742783,
				4B133E2C058789A800742783,
				4B133E2D058789A800742783,
				4B133E2E058789A800742783,
				4B133E30058789A800742783,
				4B133E31058789A800742783,
				4B133E32058789A800742783,
				4B133E33058789A800742783,
				4B133E34058789A800742783,
				4B133E35058789A800742783,
				4B133E36058789A800742783,
				4B133E37058789A800742783,
				4B133E38058789A800742783,
				4B133E39058789A800742783,
				4B133E3A058789A800742783,
				4B133E3B058789A800742783,
				4B133E3C058789A800742783,
			);
			isa = PBXSourcesBuildPhase;
			runOnlyForDeploymentPostprocessing = 0;
		};
		4B133E0B0587896000742783 = {
			buildPhases = (
				4B133E090587896000742783,
				4B133E0A0587896000742783,
			);
			buildRules = (
			);
			buildSettings = {
				GCC_PREPROCESSOR_DEFINITIONS = UNIX;
				GCC_WARN_FOUR_CHARACTER_CONSTANTS = NO;
				GCC_WARN_UNKNOWN_PRAGMAS = NO;
				INSTALL_PATH = /usr/local/bin;
				OTHER_CFLAGS = "";
				OTHER_LDFLAGS = "";
				OTHER_REZFLAGS = "";
				PRODUCT_NAME = "inform-6.3-biplatform";
				SECTORDER_FLAGS = "";
				WARNING_CFLAGS = "-Wmost";
				ZERO_LINK = NO;
			};
			dependencies = (
			);
			isa = PBXNativeTarget;
			name = "Compiler-6.3";
			productName = "Compiler-6.3";
			productReference = 4B133E0C0587896000742783;
			productType = "com.apple.product-type.tool";
		};
		4B133E0C0587896000742783 = {
			explicitFileType = "compiled.mach-o.executable";
			includeInIndex = 0;
			isa = PBXFileReference;
			path = "inform-6.3-biplatform";
			refType = 3;
			sourceTree = BUILT_PRODUCTS_DIR;
		};
		4B133E11058789A800742783 = {
			fileEncoding = 30;
			isa = PBXFileReference;
			lastKnownFileType = sourcecode.c.c;
			path = text.c;
			refType = 4;
			sourceTree = "<group>";
		};
		4B133E12058789A800742783 = {
			fileEncoding = 30;
			isa = PBXFileReference;
			lastKnownFileType = sourcecode.c.c;
			path = veneer.c;
			refType = 4;
			sourceTree = "<group>";
		};
		4B133E13058789A800742783 = {
			fileEncoding = 30;
			isa = PBXFileReference;
			lastKnownFileType = sourcecode.c.c;
			path = bpatch.c;
			refType = 4;
			sourceTree = "<group>";
		};
		4B133E14058789A800742783 = {
			fileEncoding = 30;
			isa = PBXFileReference;
			lastKnownFileType = sourcecode.c.c;
			path = verbs.c;
			refType = 4;
			sourceTree = "<group>";
		};
		4B133E15058789A800742783 = {
			fileEncoding = 30;
			isa = PBXFileReference;
			lastKnownFileType = sourcecode.c.c;
			path = chars.c;
			refType = 4;
			sourceTree = "<group>";
		};
		4B133E16058789A800742783 = {
			fileEncoding = 30;
			isa = PBXFileReference;
			lastKnownFileType = sourcecode.c.c;
			path = linker.c;
			refType = 4;
			sourceTree = "<group>";
		};
		4B133E17058789A800742783 = {
			fileEncoding = 30;
			isa = PBXFileReference;
			lastKnownFileType = sourcecode.c.c;
			path = memory.c;
			refType = 4;
			sourceTree = "<group>";
		};
		4B133E18058789A800742783 = {
			fileEncoding = 30;
			isa = PBXFileReference;
			lastKnownFileType = sourcecode.c.c;
			path = objects.c;
			refType = 4;
			sourceTree = "<group>";
		};
		4B133E19058789A800742783 = {
			fileEncoding = 30;
			isa = PBXFileReference;
			lastKnownFileType = sourcecode.c.h;
			path = header.h;
			refType = 4;
			sourceTree = "<group>";
		};
		4B133E1A058789A800742783 = {
			fileEncoding = 30;
			isa = PBXFileReference;
			lastKnownFileType = sourcecode.c.c;
			path = directs.c;
			refType = 4;
			sourceTree = "<group>";
		};
		4B133E1B058789A800742783 = {
			fileEncoding = 30;
			isa = PBXFileReference;
			lastKnownFileType = sourcecode.c.c;
			path = states.c;
			refType = 4;
			sourceTree = "<group>";
		};
		4B133E1C058789A800742783 = {
			fileEncoding = 30;
			isa = PBXFileReference;
			lastKnownFileType = sourcecode.c.c;
			path = inform.c;
			refType = 4;
			sourceTree = "<group>";
		};
		4B133E1D058789A800742783 = {
			fileEncoding = 30;
			isa = PBXFileReference;
			lastKnownFileType = sourcecode.c.c;
			path = errors.c;
			refType = 4;
			sourceTree = "<group>";
		};
		4B133E1E058789A800742783 = {
			fileEncoding = 30;
			isa = PBXFileReference;
			lastKnownFileType = sourcecode.c.c;
			path = symbols.c;
			refType = 4;
			sourceTree = "<group>";
		};
		4B133E1F058789A800742783 = {
			fileEncoding = 30;
			isa = PBXFileReference;
			lastKnownFileType = sourcecode.c.c;
			path = asm.c;
			refType = 4;
			sourceTree = "<group>";
		};
		4B133E20058789A800742783 = {
			fileEncoding = 30;
			isa = PBXFileReference;
			lastKnownFileType = sourcecode.c.c;
			path = expressc.c;
			refType = 4;
			sourceTree = "<group>";
		};
		4B133E21058789A800742783 = {
			fileEncoding = 30;
			isa = PBXFileReference;
			lastKnownFileType = sourcecode.c.c;
			path = lexer.c;
			refType = 4;
			sourceTree = "<group>";
		};
		4B133E22058789A800742783 = {
			fileEncoding = 30;
			isa = PBXFileReference;
			lastKnownFileType = sourcecode.c.c;
			path = arrays.c;
			refType = 4;
			sourceTree = "<group>";
		};
		4B133E23058789A800742783 = {
			fileEncoding = 30;
			isa = PBXFileReference;
			lastKnownFileType = sourcecode.c.c;
			path = expressp.c;
			refType = 4;
			sourceTree = "<group>";
		};
		4B133E24058789A800742783 = {
			fileEncoding = 30;
			isa = PBXFileReference;
			lastKnownFileType = sourcecode.c.c;
			path = syntax.c;
			refType = 4;
			sourceTree = "<group>";
		};
		4B133E25058789A800742783 = {
			fileEncoding = 30;
			isa = PBXFileReference;
			lastKnownFileType = sourcecode.c.c;
			path = tables.c;
			refType = 4;
			sourceTree = "<group>";
		};
		4B133E26058789A800742783 = {
			fileEncoding = 30;
			isa = PBXFileReference;
			lastKnownFileType = sourcecode.c.c;
			path = files.c;
			refType = 4;
			sourceTree = "<group>";
		};
		4B133E27058789A800742783 = {
			fileRef = 4B133E11058789A800742783;
			isa = PBXBuildFile;
			settings = {
			};
		};
		4B133E28058789A800742783 = {
			fileRef = 4B133E12058789A800742783;
			isa = PBXBuildFile;
			settings = {
			};
		};
		4B133E29058789A800742783 = {
			fileRef = 4B133E13058789A800742783;
			isa = PBXBuildFile;
			settings = {
			};
		};
		4B133E2A058789A800742783 = {
			fileRef = 4B133E14058789A800742783;
			isa = PBXBuildFile;
			settings = {
			};
		};
		4B133E2B058789A800742783 = {
			fileRef = 4B133E15058789A800742783;
			isa = PBXBuildFile;
			settings = {
			};
		};
		4B133E2C058789A800742783 = {
			fileRef = 4B133E16058789A800742783;
			isa = PBXBuildFile;
			settings = {
			};
		};
		4B133E2D058789A800742783 = {
			fileRef = 4B133E17058789A800742783;
			isa = PBXBuildFile;
			settings = {
			};
		};
		4B133E2E058789A800742783 = {
			fileRef = 4B133E18058789A800742783;
			isa = PBXBuildFile;
			settings = {
			};
		};
		4B133E2F058789A800742783 = {
			fileRef = 4B133E19058789A800742783;
			isa = PBXBuildFile;
			settings = {
			};
		};
		4B133E30058789A800742783 = {
			fileRef = 4B133E1A058789A800742783;
			isa = PBXBuildFile;
			settings = {
			};
		};
		4B133E31058789A800742783 = {
			fileRef = 4B133E1B058789A800742783;
			isa = PBXBuildFile;
			settings = {
			};
		};
		4B133E32058789A800742783 = {
			fileRef = 4B133E1C058789A800742783;
			isa = PBXBuildFile;
			settings = {
			};
		};
		4B133E33058789A800742783 = {
			fileRef = 4B133E1D058789A800742783;
			isa = PBXBuildFile;
			settings = {
			};
		};
		4B133E34058789A800742783 = {
			fileRef = 4B133E1E058789A800742783;
			isa = PBXBuildFile;
			settings = {
			};
		};
		4B133E35058789A800742783 = {
			fileRef = 4B133E1F058789A800742783;
			isa = PBXBuildFile;
			settings = {
			};
		};
		4B133E36058789A800742783 = {
			fileRef = 4B133E20058789A800742783;
			isa = PBXBuildFile;
			settings = {
			};
		};
		4B133E37058789A800742783 = {
			fileRef = 4B133E21058789A800742783;
			isa = PBXBuildFile;
			settings = {
			};
		};
		4B133E38058789A800742783 = {
			fileRef = 4B133E22058789A800742783;
			isa = PBXBuildFile;
			settings = {
			};
		};
		4B133E39058789A800742783 = {
			fileRef = 4B133E23058789A800742783;
			isa = PBXBuildFile;
			settings = {
			};
		};
		4B133E3A058789A800742783 = {
			fileRef = 4B133E24058789A800742783;
			isa = PBXBuildFile;
			settings = {
			};
		};
		4B133E3B058789A800742783 = {
			fileRef = 4B133E25058789A800742783;
			isa = PBXBuildFile;
			settings = {
			};
		};
		4B133E3C058789A800742783 = {
			fileRef = 4B133E26058789A800742783;
			isa = PBXBuildFile;
			settings = {
			};
		};
		4B133E3D058789B500742783 = {
			containerPortal = 29B97313FDCFA39411CA2CEA;
			isa = PBXContainerItemProxy;
			proxyType = 1;
			remoteGlobalIDString = 4B133E0B0587896000742783;
			remoteInfo = "Compiler-6.3";
		};
		4B133E3E058789B500742783 = {
			isa = PBXTargetDependency;
			target = 4B133E0B0587896000742783;
			targetProxy = 4B133E3D058789B500742783;
		};
		4B133E4A05878A1600742783 = {
			fileRef = 4B133E0C0587896000742783;
			isa = PBXBuildFile;
			settings = {
			};
		};
		4B16BFDE0512261800A8E303 = {
			fileEncoding = 4;
			isa = PBXFileReference;
			lastKnownFileType = sourcecode.c.h;
			path = IFProjectFile.h;
			refType = 4;
			sourceTree = "<group>";
		};
		4B16BFDF0512261800A8E303 = {
			fileEncoding = 4;
			isa = PBXFileReference;
			lastKnownFileType = sourcecode.c.objc;
			path = IFProjectFile.m;
			refType = 4;
			sourceTree = "<group>";
		};
		4B16BFE2051246EF00A8E303 = {
			children = (
				4B16BFE3051246EF00A8E303,
			);
			isa = PBXVariantGroup;
			name = NewProject.nib;
			path = "";
			refType = 4;
			sourceTree = "<group>";
		};
		4B16BFE3051246EF00A8E303 = {
			isa = PBXFileReference;
			lastKnownFileType = wrapper.nib;
			name = English;
			path = English.lproj/NewProject.nib;
			refType = 4;
			sourceTree = "<group>";
		};
		4B16BFE505124D9F00A8E303 = {
			fileEncoding = 4;
			isa = PBXFileReference;
			lastKnownFileType = sourcecode.c.h;
			path = IFNewProject.h;
			refType = 4;
			sourceTree = "<group>";
		};
		4B16BFE605124D9F00A8E303 = {
			fileEncoding = 4;
			isa = PBXFileReference;
			lastKnownFileType = sourcecode.c.objc;
			path = IFNewProject.m;
			refType = 4;
			sourceTree = "<group>";
		};
		4B1A2FD405D7F00900746E81 = {
			isa = PBXFileReference;
			lastKnownFileType = image.icns;
			path = Inform.icns;
			refType = 4;
			sourceTree = "<group>";
		};
		4B1A2FD505D7F00900746E81 = {
			fileRef = 4B1A2FD405D7F00900746E81;
			isa = PBXBuildFile;
			settings = {
			};
		};
		4B259F3705E161F800C7BAE2 = {
			fileEncoding = 4;
			isa = PBXFileReference;
			lastKnownFileType = sourcecode.c.h;
			path = IFSourceFileView.h;
			refType = 4;
			sourceTree = "<group>";
		};
		4B259F3805E161F800C7BAE2 = {
			fileEncoding = 4;
			isa = PBXFileReference;
			lastKnownFileType = sourcecode.c.objc;
			path = IFSourceFileView.m;
			refType = 4;
			sourceTree = "<group>";
		};
		4B259F3905E161F800C7BAE2 = {
			fileRef = 4B259F3705E161F800C7BAE2;
			isa = PBXBuildFile;
			settings = {
			};
		};
		4B259F3A05E161F800C7BAE2 = {
			fileRef = 4B259F3805E161F800C7BAE2;
			isa = PBXBuildFile;
			settings = {
			};
		};
		4B4C4D2E04F3B26400A8E303 = {
			fileEncoding = 4;
			isa = PBXFileReference;
			lastKnownFileType = text;
			path = notes.txt;
			refType = 4;
			sourceTree = "<group>";
		};
		4B4C4D5D04F3DD2B00A8E303 = {
			fileEncoding = 4;
			isa = PBXFileReference;
			lastKnownFileType = sourcecode.lex;
			path = IFError.l;
			refType = 4;
			sourceTree = "<group>";
		};
		4B4C4D5F04F3E00400A8E303 = {
			fileEncoding = 4;
			isa = PBXFileReference;
			lastKnownFileType = sourcecode.c.h;
			path = IFError.h;
			refType = 4;
			sourceTree = "<group>";
		};
		4B5CB968050E9B7B00A8E303 = {
			isa = PBXFileReference;
			lastKnownFileType = wrapper.nib;
			name = English;
			path = English.lproj/ProjectPane.nib;
			refType = 4;
			sourceTree = "<group>";
		};
		4B5CB96A050E9B9C00A8E303 = {
			children = (
				4B5CB968050E9B7B00A8E303,
			);
			isa = PBXVariantGroup;
			name = ProjectPane.nib;
			refType = 4;
			sourceTree = "<group>";
		};
		4B5CB96C050E9BCB00A8E303 = {
			fileEncoding = 4;
			isa = PBXFileReference;
			lastKnownFileType = sourcecode.c.h;
			path = IFProjectPane.h;
			refType = 4;
			sourceTree = "<group>";
		};
		4B5CB96D050E9BCB00A8E303 = {
			fileEncoding = 4;
			isa = PBXFileReference;
			lastKnownFileType = sourcecode.c.objc;
			path = IFProjectPane.m;
			refType = 4;
			sourceTree = "<group>";
		};
		4B6A2DA805890C6C00CFA634 = {
			containerPortal = 29B97313FDCFA39411CA2CEA;
			isa = PBXContainerItemProxy;
			proxyType = 1;
			remoteGlobalIDString = 4B96DF9904F12C7B00A8E303;
			remoteInfo = "Compiler-ZCode";
		};
		4B6A2DA905890C6C00CFA634 = {
			isa = PBXTargetDependency;
			target = 4B96DF9904F12C7B00A8E303;
			targetProxy = 4B6A2DA805890C6C00CFA634;
		};
		4B6A2DAA05890C7C00CFA634 = {
			fileRef = 4B96DF9A04F12C7B00A8E303;
			isa = PBXBuildFile;
			settings = {
			};
		};
		4B6B186D05DE744200BB2601 = {
			isa = PBXFileReference;
			lastKnownFileType = image.png;
			name = compile.png;
			path = Images/compile.png;
			refType = 4;
			sourceTree = "<group>";
		};
		4B6B186E05DE744200BB2601 = {
			isa = PBXFileReference;
			lastKnownFileType = image.png;
			name = stop.png;
			path = Images/stop.png;
			refType = 4;
			sourceTree = "<group>";
		};
		4B6B186F05DE744200BB2601 = {
			isa = PBXFileReference;
			lastKnownFileType = image.png;
			name = run.png;
			path = Images/run.png;
			refType = 4;
			sourceTree = "<group>";
		};
		4B6B187005DE744200BB2601 = {
			fileRef = 4B6B186D05DE744200BB2601;
			isa = PBXBuildFile;
			settings = {
			};
		};
		4B6B187105DE744200BB2601 = {
			fileRef = 4B6B186E05DE744200BB2601;
			isa = PBXBuildFile;
			settings = {
			};
		};
		4B6B187205DE744200BB2601 = {
			fileRef = 4B6B186F05DE744200BB2601;
			isa = PBXBuildFile;
			settings = {
			};
		};
		4B6B188305DE789600BB2601 = {
			isa = PBXFileReference;
			lastKnownFileType = image.png;
			name = continue.png;
			path = Images/continue.png;
			refType = 4;
			sourceTree = "<group>";
		};
		4B6B188405DE789600BB2601 = {
			isa = PBXFileReference;
			lastKnownFileType = image.png;
			name = pause.png;
			path = Images/pause.png;
			refType = 4;
			sourceTree = "<group>";
		};
		4B6B188505DE789600BB2601 = {
			fileRef = 4B6B188305DE789600BB2601;
			isa = PBXBuildFile;
			settings = {
			};
		};
		4B6B188605DE789600BB2601 = {
			fileRef = 4B6B188405DE789600BB2601;
			isa = PBXBuildFile;
			settings = {
			};
		};
		4B6B188C05DE83A200BB2601 = {
			isa = PBXFileReference;
			lastKnownFileType = image.png;
			name = watch.png;
			path = Images/watch.png;
			refType = 4;
			sourceTree = "<group>";
		};
		4B6B188D05DE83A200BB2601 = {
			isa = PBXFileReference;
			lastKnownFileType = image.png;
			name = breakpoint.png;
			path = Images/breakpoint.png;
			refType = 4;
			sourceTree = "<group>";
		};
		4B6B188E05DE83A200BB2601 = {
			fileRef = 4B6B188C05DE83A200BB2601;
			isa = PBXBuildFile;
			settings = {
			};
		};
		4B6B188F05DE83A200BB2601 = {
			fileRef = 4B6B188D05DE83A200BB2601;
			isa = PBXBuildFile;
			settings = {
			};
		};
		4B75B12B055D94D800EDF9C9 = {
			isa = PBXFileReference;
			lastKnownFileType = wrapper.framework;
			name = ZoomView.framework;
			path = ../zoom/build/ZoomView.framework;
			refType = 2;
			sourceTree = SOURCE_ROOT;
		};
		4B75B16A055D97DB00EDF9C9 = {
			isa = PBXFileReference;
			lastKnownFileType = "compiled.mach-o.executable";
			name = ZoomServer;
			path = ../zoom/build/ZoomServer;
			refType = 2;
			sourceTree = SOURCE_ROOT;
		};
		4B94BF7205134C6600A8E303 = {
			children = (
				4B16BFE505124D9F00A8E303,
				4B16BFE605124D9F00A8E303,
				4B94BF7305134C9C00A8E303,
				4B94BF7705134D0700A8E303,
				4B94BF7805134D0700A8E303,
				4B94BF7B05134DD300A8E303,
				4B94BF7C05134DD300A8E303,
				4B94BF7F05134E5500A8E303,
				4B94BF8005134E5500A8E303,
			);
			isa = PBXGroup;
			name = "New project";
			refType = 4;
			sourceTree = "<group>";
		};
		4B94BF7305134C9C00A8E303 = {
			fileEncoding = 4;
			isa = PBXFileReference;
			lastKnownFileType = sourcecode.c.h;
			path = IFProjectType.h;
			refType = 4;
			sourceTree = "<group>";
		};
		4B94BF7705134D0700A8E303 = {
			fileEncoding = 4;
			isa = PBXFileReference;
			lastKnownFileType = sourcecode.c.h;
			path = IFEmptyProject.h;
			refType = 4;
			sourceTree = "<group>";
		};
		4B94BF7805134D0700A8E303 = {
			fileEncoding = 4;
			isa = PBXFileReference;
			lastKnownFileType = sourcecode.c.objc;
			path = IFEmptyProject.m;
			refType = 4;
			sourceTree = "<group>";
		};
		4B94BF7B05134DD300A8E303 = {
			fileEncoding = 4;
			isa = PBXFileReference;
			lastKnownFileType = sourcecode.c.h;
			path = IFStandardProject.h;
			refType = 4;
			sourceTree = "<group>";
		};
		4B94BF7C05134DD300A8E303 = {
			fileEncoding = 4;
			isa = PBXFileReference;
			lastKnownFileType = sourcecode.c.objc;
			path = IFStandardProject.m;
			refType = 4;
			sourceTree = "<group>";
		};
		4B94BF7F05134E5500A8E303 = {
			fileEncoding = 4;
			isa = PBXFileReference;
			lastKnownFileType = sourcecode.c.h;
			path = IFEmptyNaturalProject.h;
			refType = 4;
			sourceTree = "<group>";
		};
		4B94BF8005134E5500A8E303 = {
			fileEncoding = 4;
			isa = PBXFileReference;
			lastKnownFileType = sourcecode.c.objc;
			path = IFEmptyNaturalProject.m;
			refType = 4;
			sourceTree = "<group>";
		};
		4B94BF8305138C6B00A8E303 = {
			isa = PBXFileReference;
			lastKnownFileType = text;
			name = English;
			path = English.lproj/standardMain.inf;
			refType = 4;
			sourceTree = "<group>";
		};
		4B94BF8505138C7200A8E303 = {
			children = (
				4B94BF8305138C6B00A8E303,
			);
			isa = PBXVariantGroup;
			name = standardMain.inf;
			refType = 4;
			sourceTree = "<group>";
		};
		4B94BF870513906800A8E303 = {
			children = (
				4B94BF880513906800A8E303,
			);
			isa = PBXVariantGroup;
			name = StandardProjectOptions.nib;
			path = "";
			refType = 4;
			sourceTree = "<group>";
		};
		4B94BF880513906800A8E303 = {
			isa = PBXFileReference;
			lastKnownFileType = wrapper.nib;
			name = English;
			path = English.lproj/StandardProjectOptions.nib;
			refType = 4;
			sourceTree = "<group>";
		};
		4B9605C6058CA65700EAD06F = {
			fileEncoding = 4;
			isa = PBXFileReference;
			lastKnownFileType = sourcecode.c.h;
			path = IFNaturalInformSyntax.h;
			refType = 4;
			sourceTree = "<group>";
		};
		4B9605C7058CA65700EAD06F = {
			fileEncoding = 4;
			isa = PBXFileReference;
			lastKnownFileType = sourcecode.c.objc;
			path = IFNaturalInformSyntax.m;
			refType = 4;
			sourceTree = "<group>";
		};
		4B9605C8058CA65700EAD06F = {
			fileRef = 4B9605C6058CA65700EAD06F;
			isa = PBXBuildFile;
			settings = {
			};
		};
		4B9605C9058CA65700EAD06F = {
			fileRef = 4B9605C7058CA65700EAD06F;
			isa = PBXBuildFile;
			settings = {
			};
		};
		4B96DF4F04F11BF500A8E303 = {
			fileEncoding = 4;
			isa = PBXFileReference;
			lastKnownFileType = sourcecode.c.h;
			path = IFAppDelegate.h;
			refType = 4;
			sourceTree = "<group>";
		};
		4B96DF5004F11BF500A8E303 = {
			fileEncoding = 4;
			isa = PBXFileReference;
			lastKnownFileType = sourcecode.c.objc;
			path = IFAppDelegate.m;
			refType = 4;
			sourceTree = "<group>";
		};
		4B96DF5304F11D5C00A8E303 = {
			children = (
				4B96DF5404F11D5C00A8E303,
			);
			isa = PBXVariantGroup;
			name = Compiling.nib;
			path = "";
			refType = 4;
			sourceTree = "<group>";
		};
		4B96DF5404F11D5C00A8E303 = {
			isa = PBXFileReference;
			lastKnownFileType = wrapper.nib;
			name = English;
			path = English.lproj/Compiling.nib;
			refType = 4;
			sourceTree = "<group>";
		};
		4B96DF5604F122A100A8E303 = {
			fileEncoding = 4;
			isa = PBXFileReference;
			lastKnownFileType = sourcecode.c.h;
			path = IFCompilerController.h;
			refType = 4;
			sourceTree = "<group>";
		};
		4B96DF5704F122A100A8E303 = {
			fileEncoding = 4;
			isa = PBXFileReference;
			lastKnownFileType = sourcecode.c.objc;
			path = IFCompilerController.m;
			refType = 4;
			sourceTree = "<group>";
		};
		4B96DF5C04F126F200A8E303 = {
			children = (
				4B96DF6204F1278C00A8E303,
				4B96DF6304F1278C00A8E303,
				4B96DF5604F122A100A8E303,
				4B96DF5704F122A100A8E303,
				4B4C4D5F04F3E00400A8E303,
				4B4C4D5D04F3DD2B00A8E303,
			);
			isa = PBXGroup;
			name = Compiler;
			refType = 4;
			sourceTree = "<group>";
		};
		4B96DF5D04F126FC00A8E303 = {
			children = (
				4B96DF5E04F1270A00A8E303,
				4B96DF5F04F1270A00A8E303,
			);
			isa = PBXGroup;
			name = Settings;
			refType = 4;
			sourceTree = "<group>";
		};
		4B96DF5E04F1270A00A8E303 = {
			fileEncoding = 4;
			isa = PBXFileReference;
			lastKnownFileType = sourcecode.c.h;
			path = IFCompilerSettings.h;
			refType = 4;
			sourceTree = "<group>";
		};
		4B96DF5F04F1270A00A8E303 = {
			fileEncoding = 4;
			isa = PBXFileReference;
			lastKnownFileType = sourcecode.c.objc;
			path = IFCompilerSettings.m;
			refType = 4;
			sourceTree = "<group>";
		};
		4B96DF6204F1278C00A8E303 = {
			fileEncoding = 4;
			isa = PBXFileReference;
			lastKnownFileType = sourcecode.c.h;
			path = IFCompiler.h;
			refType = 4;
			sourceTree = "<group>";
		};
		4B96DF6304F1278C00A8E303 = {
			fileEncoding = 4;
			isa = PBXFileReference;
			lastKnownFileType = sourcecode.c.objc;
			path = IFCompiler.m;
			refType = 4;
			sourceTree = "<group>";
		};
		4B96DF7804F12A7700A8E303 = {
			children = (
				4B96DFE304F12FA100A8E303,
				4B96DF7904F12AF200A8E303,
				4B96DF7A04F12AF800A8E303,
			);
			isa = PBXGroup;
			path = Library;
			refType = 4;
			sourceTree = "<group>";
		};
		4B96DF7904F12AF200A8E303 = {
			children = (
			);
			isa = PBXGroup;
			path = Biplatform;
			refType = 4;
			sourceTree = "<group>";
		};
		4B96DF7A04F12AF800A8E303 = {
			children = (
			);
			isa = PBXGroup;
			path = Platypus;
			refType = 4;
			sourceTree = "<group>";
		};
		4B96DF9504F12C7B00A8E303 = {
			buildActionMask = 2147483647;
			files = (
				4B96E01004F1345B00A8E303,
			);
			isa = PBXHeadersBuildPhase;
			runOnlyForDeploymentPostprocessing = 0;
		};
		4B96DF9604F12C7B00A8E303 = {
			buildActionMask = 2147483647;
			files = (
				4B96E00C04F1345B00A8E303,
				4B96E00D04F1345B00A8E303,
				4B96E00E04F1345B00A8E303,
				4B96E00F04F1345B00A8E303,
				4B96E01104F1345B00A8E303,
				4B96E01204F1345B00A8E303,
				4B96E01304F1345B00A8E303,
				4B96E01404F1345B00A8E303,
				4B96E01604F1345B00A8E303,
				4B96E01704F1345B00A8E303,
				4B96E01804F1345B00A8E303,
				4B96E01904F1345B00A8E303,
				4B96E01A04F1345B00A8E303,
				4B96E01B04F1345B00A8E303,
				4B96E01C04F1345B00A8E303,
				4B96E01D04F1345B00A8E303,
				4B96E01E04F1345B00A8E303,
				4B96E01F04F1345B00A8E303,
				4B96E02004F1345B00A8E303,
				4B96E02104F1345B00A8E303,
				4B96E04E04F1357700A8E303,
			);
			isa = PBXSourcesBuildPhase;
			runOnlyForDeploymentPostprocessing = 0;
		};
		4B96DF9704F12C7B00A8E303 = {
			buildActionMask = 2147483647;
			files = (
			);
			isa = PBXFrameworksBuildPhase;
			runOnlyForDeploymentPostprocessing = 0;
		};
		4B96DF9804F12C7B00A8E303 = {
			buildActionMask = 2147483647;
			files = (
			);
			isa = PBXRezBuildPhase;
			runOnlyForDeploymentPostprocessing = 0;
		};
		4B96DF9904F12C7B00A8E303 = {
			buildPhases = (
				4B96DF9504F12C7B00A8E303,
				4B96DF9604F12C7B00A8E303,
				4B96DF9704F12C7B00A8E303,
				4B96DF9804F12C7B00A8E303,
			);
			buildSettings = {
				OTHER_CFLAGS = "-DUNIX";
				OTHER_LDFLAGS = "";
				OTHER_REZFLAGS = "";
				PRODUCT_NAME = "inform-6.21-zcode";
				REZ_EXECUTABLE = YES;
				SECTORDER_FLAGS = "";
				WARNING_CFLAGS = "-Wmost -Wno-four-char-constants -Wno-unknown-pragmas";
			};
			dependencies = (
			);
			isa = PBXToolTarget;
			name = "Compiler-ZCode";
			productInstallPath = /usr/local/bin;
			productName = "Compiler-ZCode";
			productReference = 4B96DF9A04F12C7B00A8E303;
		};
		4B96DF9A04F12C7B00A8E303 = {
			explicitFileType = "compiled.mach-o.executable";
			fallbackIsa = PBXFileReference;
			isa = PBXExecutableFileReference;
			path = "inform-6.21-zcode";
			refType = 3;
			sourceTree = BUILT_PRODUCTS_DIR;
		};
		4B96DF9C04F12D5300A8E303 = {
			children = (
				4B96DFB204F12DE700A8E303,
				4B96DFA704F12DE600A8E303,
				4B96DFA404F12DE600A8E303,
				4B96DFA904F12DE700A8E303,
				4B96DFA604F12DE600A8E303,
				4B96DFA004F12DE600A8E303,
				4B96DF9D04F12DE600A8E303,
				4B96DFA104F12DE600A8E303,
				4B96DFA504F12DE600A8E303,
				4B96DFAB04F12DE700A8E303,
				4B96DFB104F12DE700A8E303,
				4B96DFB004F12DE700A8E303,
				4B96DFAD04F12DE700A8E303,
				4B96DFAF04F12DE700A8E303,
				4B96DFA304F12DE600A8E303,
				4B96DFAA04F12DE700A8E303,
				4B96DFAE04F12DE700A8E303,
				4B96DFA804F12DE600A8E303,
				4B96DFA204F12DE600A8E303,
				4B96DF9E04F12DE600A8E303,
				4B96DFAC04F12DE700A8E303,
				4B96DF9F04F12DE600A8E303,
			);
			isa = PBXGroup;
			name = glulx;
			refType = 4;
			sourceTree = "<group>";
		};
		4B96DF9D04F12DE600A8E303 = {
			fileEncoding = 30;
			isa = PBXFileReference;
			lastKnownFileType = sourcecode.c.c;
			name = errors.c;
			path = ../informg621/errors.c;
			refType = 2;
			sourceTree = SOURCE_ROOT;
		};
		4B96DF9E04F12DE600A8E303 = {
			fileEncoding = 30;
			isa = PBXFileReference;
			lastKnownFileType = sourcecode.c.c;
			name = text.c;
			path = ../informg621/text.c;
			refType = 2;
			sourceTree = SOURCE_ROOT;
		};
		4B96DF9F04F12DE600A8E303 = {
			fileEncoding = 30;
			isa = PBXFileReference;
			lastKnownFileType = sourcecode.c.c;
			name = verbs.c;
			path = ../informg621/verbs.c;
			refType = 2;
			sourceTree = SOURCE_ROOT;
		};
		4B96DFA004F12DE600A8E303 = {
			fileEncoding = 30;
			isa = PBXFileReference;
			lastKnownFileType = sourcecode.c.c;
			name = directs.c;
			path = ../informg621/directs.c;
			refType = 2;
			sourceTree = SOURCE_ROOT;
		};
		4B96DFA104F12DE600A8E303 = {
			fileEncoding = 30;
			isa = PBXFileReference;
			lastKnownFileType = sourcecode.c.c;
			name = expressc.c;
			path = ../informg621/expressc.c;
			refType = 2;
			sourceTree = SOURCE_ROOT;
		};
		4B96DFA204F12DE600A8E303 = {
			fileEncoding = 30;
			isa = PBXFileReference;
			lastKnownFileType = sourcecode.c.c;
			name = tables.c;
			path = ../informg621/tables.c;
			refType = 2;
			sourceTree = SOURCE_ROOT;
		};
		4B96DFA304F12DE600A8E303 = {
			fileEncoding = 30;
			isa = PBXFileReference;
			lastKnownFileType = sourcecode.c.c;
			name = objects.c;
			path = ../informg621/objects.c;
			refType = 2;
			sourceTree = SOURCE_ROOT;
		};
		4B96DFA404F12DE600A8E303 = {
			fileEncoding = 30;
			isa = PBXFileReference;
			lastKnownFileType = sourcecode.c.c;
			name = asm.c;
			path = ../informg621/asm.c;
			refType = 2;
			sourceTree = SOURCE_ROOT;
		};
		4B96DFA504F12DE600A8E303 = {
			fileEncoding = 30;
			isa = PBXFileReference;
			lastKnownFileType = sourcecode.c.c;
			name = expressp.c;
			path = ../informg621/expressp.c;
			refType = 2;
			sourceTree = SOURCE_ROOT;
		};
		4B96DFA604F12DE600A8E303 = {
			fileEncoding = 30;
			isa = PBXFileReference;
			lastKnownFileType = sourcecode.c.c;
			name = chars.c;
			path = ../informg621/chars.c;
			refType = 2;
			sourceTree = SOURCE_ROOT;
		};
		4B96DFA704F12DE600A8E303 = {
			fileEncoding = 30;
			isa = PBXFileReference;
			lastKnownFileType = sourcecode.c.c;
			name = arrays.c;
			path = ../informg621/arrays.c;
			refType = 2;
			sourceTree = SOURCE_ROOT;
		};
		4B96DFA804F12DE600A8E303 = {
			fileEncoding = 30;
			isa = PBXFileReference;
			lastKnownFileType = sourcecode.c.c;
			name = syntax.c;
			path = ../informg621/syntax.c;
			refType = 2;
			sourceTree = SOURCE_ROOT;
		};
		4B96DFA904F12DE700A8E303 = {
			fileEncoding = 30;
			isa = PBXFileReference;
			lastKnownFileType = sourcecode.c.c;
			name = bpatch.c;
			path = ../informg621/bpatch.c;
			refType = 2;
			sourceTree = SOURCE_ROOT;
		};
		4B96DFAA04F12DE700A8E303 = {
			fileEncoding = 30;
			isa = PBXFileReference;
			lastKnownFileType = sourcecode.c.c;
			name = states.c;
			path = ../informg621/states.c;
			refType = 2;
			sourceTree = SOURCE_ROOT;
		};
		4B96DFAB04F12DE700A8E303 = {
			fileEncoding = 30;
			isa = PBXFileReference;
			lastKnownFileType = sourcecode.c.c;
			name = files.c;
			path = ../informg621/files.c;
			refType = 2;
			sourceTree = SOURCE_ROOT;
		};
		4B96DFAC04F12DE700A8E303 = {
			fileEncoding = 30;
			isa = PBXFileReference;
			lastKnownFileType = sourcecode.c.c;
			name = veneer.c;
			path = ../informg621/veneer.c;
			refType = 2;
			sourceTree = SOURCE_ROOT;
		};
		4B96DFAD04F12DE700A8E303 = {
			fileEncoding = 30;
			isa = PBXFileReference;
			lastKnownFileType = sourcecode.c.c;
			name = linker.c;
			path = ../informg621/linker.c;
			refType = 2;
			sourceTree = SOURCE_ROOT;
		};
		4B96DFAE04F12DE700A8E303 = {
			fileEncoding = 30;
			isa = PBXFileReference;
			lastKnownFileType = sourcecode.c.c;
			name = symbols.c;
			path = ../informg621/symbols.c;
			refType = 2;
			sourceTree = SOURCE_ROOT;
		};
		4B96DFAF04F12DE700A8E303 = {
			fileEncoding = 30;
			isa = PBXFileReference;
			lastKnownFileType = sourcecode.c.c;
			name = memory.c;
			path = ../informg621/memory.c;
			refType = 2;
			sourceTree = SOURCE_ROOT;
		};
		4B96DFB004F12DE700A8E303 = {
			fileEncoding = 30;
			isa = PBXFileReference;
			lastKnownFileType = sourcecode.c.c;
			name = lexer.c;
			path = ../informg621/lexer.c;
			refType = 2;
			sourceTree = SOURCE_ROOT;
		};
		4B96DFB104F12DE700A8E303 = {
			fileEncoding = 30;
			isa = PBXFileReference;
			lastKnownFileType = sourcecode.c.c;
			name = inform.c;
			path = ../informg621/inform.c;
			refType = 2;
			sourceTree = SOURCE_ROOT;
		};
		4B96DFB204F12DE700A8E303 = {
			fileEncoding = 30;
			isa = PBXFileReference;
			lastKnownFileType = sourcecode.c.h;
			name = header.h;
			path = ../informg621/header.h;
			refType = 2;
			sourceTree = SOURCE_ROOT;
		};
		4B96DFC904F12DEC00A8E303 = {
			fileRef = 4B96DF9D04F12DE600A8E303;
			isa = PBXBuildFile;
			settings = {
			};
		};
		4B96DFCA04F12DED00A8E303 = {
			fileRef = 4B96DF9E04F12DE600A8E303;
			isa = PBXBuildFile;
			settings = {
			};
		};
		4B96DFCB04F12DED00A8E303 = {
			fileRef = 4B96DF9F04F12DE600A8E303;
			isa = PBXBuildFile;
			settings = {
			};
		};
		4B96DFCC04F12DEE00A8E303 = {
			fileRef = 4B96DFA004F12DE600A8E303;
			isa = PBXBuildFile;
			settings = {
			};
		};
		4B96DFCD04F12DEE00A8E303 = {
			fileRef = 4B96DFA104F12DE600A8E303;
			isa = PBXBuildFile;
			settings = {
			};
		};
		4B96DFCE04F12DEE00A8E303 = {
			fileRef = 4B96DFA204F12DE600A8E303;
			isa = PBXBuildFile;
			settings = {
			};
		};
		4B96DFCF04F12DF900A8E303 = {
			fileRef = 4B96DFA304F12DE600A8E303;
			isa = PBXBuildFile;
			settings = {
			};
		};
		4B96DFD004F12DFA00A8E303 = {
			fileRef = 4B96DFA404F12DE600A8E303;
			isa = PBXBuildFile;
			settings = {
			};
		};
		4B96DFD104F12DFA00A8E303 = {
			fileRef = 4B96DFA504F12DE600A8E303;
			isa = PBXBuildFile;
			settings = {
			};
		};
		4B96DFD204F12DFA00A8E303 = {
			fileRef = 4B96DFA604F12DE600A8E303;
			isa = PBXBuildFile;
			settings = {
			};
		};
		4B96DFD304F12DFB00A8E303 = {
			fileRef = 4B96DFA704F12DE600A8E303;
			isa = PBXBuildFile;
			settings = {
			};
		};
		4B96DFD404F12DFB00A8E303 = {
			fileRef = 4B96DFA804F12DE600A8E303;
			isa = PBXBuildFile;
			settings = {
			};
		};
		4B96DFD504F12DFC00A8E303 = {
			fileRef = 4B96DFA904F12DE700A8E303;
			isa = PBXBuildFile;
			settings = {
			};
		};
		4B96DFD604F12DFD00A8E303 = {
			fileRef = 4B96DFAA04F12DE700A8E303;
			isa = PBXBuildFile;
			settings = {
			};
		};
		4B96DFD704F12DFD00A8E303 = {
			fileRef = 4B96DFAB04F12DE700A8E303;
			isa = PBXBuildFile;
			settings = {
			};
		};
		4B96DFD804F12E0800A8E303 = {
			fileRef = 4B96DFAC04F12DE700A8E303;
			isa = PBXBuildFile;
			settings = {
			};
		};
		4B96DFD904F12E0800A8E303 = {
			fileRef = 4B96DFAD04F12DE700A8E303;
			isa = PBXBuildFile;
			settings = {
			};
		};
		4B96DFDA04F12E0900A8E303 = {
			fileRef = 4B96DFAE04F12DE700A8E303;
			isa = PBXBuildFile;
			settings = {
			};
		};
		4B96DFDB04F12E0E00A8E303 = {
			fileRef = 4B96DFAF04F12DE700A8E303;
			isa = PBXBuildFile;
			settings = {
			};
		};
		4B96DFDC04F12E0E00A8E303 = {
			fileRef = 4B96DFB004F12DE700A8E303;
			isa = PBXBuildFile;
			settings = {
			};
		};
		4B96DFDD04F12E0F00A8E303 = {
			fileRef = 4B96DFB104F12DE700A8E303;
			isa = PBXBuildFile;
			settings = {
			};
		};
		4B96DFDE04F12E0F00A8E303 = {
			fileRef = 4B96DFB204F12DE700A8E303;
			isa = PBXBuildFile;
			settings = {
			};
		};
		4B96DFE204F12F4400A8E303 = {
			children = (
				4B96DFFA04F1345B00A8E303,
				4B96DFF604F1345B00A8E303,
				4B96E00304F1345B00A8E303,
				4B96E00004F1345B00A8E303,
				4B96E00204F1345B00A8E303,
				4B96DFFD04F1345B00A8E303,
				4B96E04D04F1357700A8E303,
				4B96E00804F1345B00A8E303,
				4B96E00A04F1345B00A8E303,
				4B96DFFE04F1345B00A8E303,
				4B96E00904F1345B00A8E303,
				4B96E00B04F1345B00A8E303,
				4B96DFF904F1345B00A8E303,
				4B96E00704F1345B00A8E303,
				4B96DFFC04F1345B00A8E303,
				4B96DFF804F1345B00A8E303,
				4B96E00104F1345B00A8E303,
				4B96E00604F1345B00A8E303,
				4B96DFFB04F1345B00A8E303,
				4B96DFF704F1345B00A8E303,
				4B96E00504F1345B00A8E303,
				4B96E00404F1345B00A8E303,
			);
			isa = PBXGroup;
			name = "zcode - 6.21";
			refType = 4;
			sourceTree = "<group>";
		};
		4B96DFE304F12FA100A8E303 = {
			children = (
			);
			isa = PBXGroup;
			name = Standard;
			path = Biplatform/Standard;
			refType = 4;
			sourceTree = "<group>";
		};
		4B96DFF604F1345B00A8E303 = {
			fileEncoding = 30;
			isa = PBXFileReference;
			lastKnownFileType = sourcecode.c.c;
			name = arrays.c;
			path = ../informz621/arrays.c;
			refType = 2;
			sourceTree = SOURCE_ROOT;
		};
		4B96DFF704F1345B00A8E303 = {
			fileEncoding = 30;
			isa = PBXFileReference;
			lastKnownFileType = sourcecode.c.c;
			name = text.c;
			path = ../informz621/text.c;
			refType = 2;
			sourceTree = SOURCE_ROOT;
		};
		4B96DFF804F1345B00A8E303 = {
			fileEncoding = 30;
			isa = PBXFileReference;
			lastKnownFileType = sourcecode.c.c;
			name = states.c;
			path = ../informz621/states.c;
			refType = 2;
			sourceTree = SOURCE_ROOT;
		};
		4B96DFF904F1345B00A8E303 = {
			fileEncoding = 30;
			isa = PBXFileReference;
			lastKnownFileType = sourcecode.c.c;
			name = linker.c;
			path = ../informz621/linker.c;
			refType = 2;
			sourceTree = SOURCE_ROOT;
		};
		4B96DFFA04F1345B00A8E303 = {
			fileEncoding = 30;
			isa = PBXFileReference;
			lastKnownFileType = sourcecode.c.h;
			name = header.h;
			path = ../informz621/header.h;
			refType = 2;
			sourceTree = SOURCE_ROOT;
		};
		4B96DFFB04F1345B00A8E303 = {
			fileEncoding = 30;
			isa = PBXFileReference;
			lastKnownFileType = sourcecode.c.c;
			name = tables.c;
			path = ../informz621/tables.c;
			refType = 2;
			sourceTree = SOURCE_ROOT;
		};
		4B96DFFC04F1345B00A8E303 = {
			fileEncoding = 30;
			isa = PBXFileReference;
			lastKnownFileType = sourcecode.c.c;
			name = objects.c;
			path = ../informz621/objects.c;
			refType = 2;
			sourceTree = SOURCE_ROOT;
		};
		4B96DFFD04F1345B00A8E303 = {
			fileEncoding = 30;
			isa = PBXFileReference;
			lastKnownFileType = sourcecode.c.c;
			name = directs.c;
			path = ../informz621/directs.c;
			refType = 2;
			sourceTree = SOURCE_ROOT;
		};
		4B96DFFE04F1345B00A8E303 = {
			fileEncoding = 30;
			isa = PBXFileReference;
			lastKnownFileType = sourcecode.c.c;
			name = files.c;
			path = ../informz621/files.c;
			refType = 2;
			sourceTree = SOURCE_ROOT;
		};
		4B96E00004F1345B00A8E303 = {
			fileEncoding = 30;
			isa = PBXFileReference;
			lastKnownFileType = sourcecode.c.c;
			name = bpatch.c;
			path = ../informz621/bpatch.c;
			refType = 2;
			sourceTree = SOURCE_ROOT;
		};
		4B96E00104F1345B00A8E303 = {
			fileEncoding = 30;
			isa = PBXFileReference;
			lastKnownFileType = sourcecode.c.c;
			name = symbols.c;
			path = ../informz621/symbols.c;
			refType = 2;
			sourceTree = SOURCE_ROOT;
		};
		4B96E00204F1345B00A8E303 = {
			fileEncoding = 30;
			isa = PBXFileReference;
			lastKnownFileType = sourcecode.c.c;
			name = chars.c;
			path = ../informz621/chars.c;
			refType = 2;
			sourceTree = SOURCE_ROOT;
		};
		4B96E00304F1345B00A8E303 = {
			fileEncoding = 30;
			isa = PBXFileReference;
			lastKnownFileType = sourcecode.c.c;
			name = asm.c;
			path = ../informz621/asm.c;
			refType = 2;
			sourceTree = SOURCE_ROOT;
		};
		4B96E00404F1345B00A8E303 = {
			fileEncoding = 30;
			isa = PBXFileReference;
			lastKnownFileType = sourcecode.c.c;
			name = verbs.c;
			path = ../informz621/verbs.c;
			refType = 2;
			sourceTree = SOURCE_ROOT;
		};
		4B96E00504F1345B00A8E303 = {
			fileEncoding = 30;
			isa = PBXFileReference;
			lastKnownFileType = sourcecode.c.c;
			name = veneer.c;
			path = ../informz621/veneer.c;
			refType = 2;
			sourceTree = SOURCE_ROOT;
		};
		4B96E00604F1345B00A8E303 = {
			fileEncoding = 30;
			isa = PBXFileReference;
			lastKnownFileType = sourcecode.c.c;
			name = syntax.c;
			path = ../informz621/syntax.c;
			refType = 2;
			sourceTree = SOURCE_ROOT;
		};
		4B96E00704F1345B00A8E303 = {
			fileEncoding = 30;
			isa = PBXFileReference;
			lastKnownFileType = sourcecode.c.c;
			name = memory.c;
			path = ../informz621/memory.c;
			refType = 2;
			sourceTree = SOURCE_ROOT;
		};
		4B96E00804F1345B00A8E303 = {
			fileEncoding = 30;
			isa = PBXFileReference;
			lastKnownFileType = sourcecode.c.c;
			name = expressc.c;
			path = ../informz621/expressc.c;
			refType = 2;
			sourceTree = SOURCE_ROOT;
		};
		4B96E00904F1345B00A8E303 = {
			fileEncoding = 30;
			isa = PBXFileReference;
			lastKnownFileType = sourcecode.c.c;
			name = inform.c;
			path = ../informz621/inform.c;
			refType = 2;
			sourceTree = SOURCE_ROOT;
		};
		4B96E00A04F1345B00A8E303 = {
			fileEncoding = 30;
			isa = PBXFileReference;
			lastKnownFileType = sourcecode.c.c;
			name = expressp.c;
			path = ../informz621/expressp.c;
			refType = 2;
			sourceTree = SOURCE_ROOT;
		};
		4B96E00B04F1345B00A8E303 = {
			fileEncoding = 30;
			isa = PBXFileReference;
			lastKnownFileType = sourcecode.c.c;
			name = lexer.c;
			path = ../informz621/lexer.c;
			refType = 2;
			sourceTree = SOURCE_ROOT;
		};
		4B96E00C04F1345B00A8E303 = {
			fileRef = 4B96DFF604F1345B00A8E303;
			isa = PBXBuildFile;
			settings = {
			};
		};
		4B96E00D04F1345B00A8E303 = {
			fileRef = 4B96DFF704F1345B00A8E303;
			isa = PBXBuildFile;
			settings = {
			};
		};
		4B96E00E04F1345B00A8E303 = {
			fileRef = 4B96DFF804F1345B00A8E303;
			isa = PBXBuildFile;
			settings = {
			};
		};
		4B96E00F04F1345B00A8E303 = {
			fileRef = 4B96DFF904F1345B00A8E303;
			isa = PBXBuildFile;
			settings = {
			};
		};
		4B96E01004F1345B00A8E303 = {
			fileRef = 4B96DFFA04F1345B00A8E303;
			isa = PBXBuildFile;
			settings = {
			};
		};
		4B96E01104F1345B00A8E303 = {
			fileRef = 4B96DFFB04F1345B00A8E303;
			isa = PBXBuildFile;
			settings = {
			};
		};
		4B96E01204F1345B00A8E303 = {
			fileRef = 4B96DFFC04F1345B00A8E303;
			isa = PBXBuildFile;
			settings = {
			};
		};
		4B96E01304F1345B00A8E303 = {
			fileRef = 4B96DFFD04F1345B00A8E303;
			isa = PBXBuildFile;
			settings = {
			};
		};
		4B96E01404F1345B00A8E303 = {
			fileRef = 4B96DFFE04F1345B00A8E303;
			isa = PBXBuildFile;
			settings = {
			};
		};
		4B96E01604F1345B00A8E303 = {
			fileRef = 4B96E00004F1345B00A8E303;
			isa = PBXBuildFile;
			settings = {
			};
		};
		4B96E01704F1345B00A8E303 = {
			fileRef = 4B96E00104F1345B00A8E303;
			isa = PBXBuildFile;
			settings = {
			};
		};
		4B96E01804F1345B00A8E303 = {
			fileRef = 4B96E00204F1345B00A8E303;
			isa = PBXBuildFile;
			settings = {
			};
		};
		4B96E01904F1345B00A8E303 = {
			fileRef = 4B96E00304F1345B00A8E303;
			isa = PBXBuildFile;
			settings = {
			};
		};
		4B96E01A04F1345B00A8E303 = {
			fileRef = 4B96E00404F1345B00A8E303;
			isa = PBXBuildFile;
			settings = {
			};
		};
		4B96E01B04F1345B00A8E303 = {
			fileRef = 4B96E00504F1345B00A8E303;
			isa = PBXBuildFile;
			settings = {
			};
		};
		4B96E01C04F1345B00A8E303 = {
			fileRef = 4B96E00604F1345B00A8E303;
			isa = PBXBuildFile;
			settings = {
			};
		};
		4B96E01D04F1345B00A8E303 = {
			fileRef = 4B96E00704F1345B00A8E303;
			isa = PBXBuildFile;
			settings = {
			};
		};
		4B96E01E04F1345B00A8E303 = {
			fileRef = 4B96E00804F1345B00A8E303;
			isa = PBXBuildFile;
			settings = {
			};
		};
		4B96E01F04F1345B00A8E303 = {
			fileRef = 4B96E00904F1345B00A8E303;
			isa = PBXBuildFile;
			settings = {
			};
		};
		4B96E02004F1345B00A8E303 = {
			fileRef = 4B96E00A04F1345B00A8E303;
			isa = PBXBuildFile;
			settings = {
			};
		};
		4B96E02104F1345B00A8E303 = {
			fileRef = 4B96E00B04F1345B00A8E303;
			isa = PBXBuildFile;
			settings = {
			};
		};
		4B96E04D04F1357700A8E303 = {
			fileEncoding = 30;
			isa = PBXFileReference;
			lastKnownFileType = sourcecode.c.c;
			name = errors.c;
			path = ../informz621/errors.c;
			refType = 2;
			sourceTree = SOURCE_ROOT;
		};
		4B96E04E04F1357700A8E303 = {
			fileRef = 4B96E04D04F1357700A8E303;
			isa = PBXBuildFile;
			settings = {
			};
		};
		4BA9115D055D99CB00A6E9CC = {
			isa = PBXFileReference;
			lastKnownFileType = text.rtf;
			path = BUILDING.rtf;
			refType = 4;
			sourceTree = "<group>";
		};
		4BC326960614C6A000B2533B = {
			fileEncoding = 4;
			isa = PBXFileReference;
			lastKnownFileType = text.html;
			path = index.html;
			refType = 4;
			sourceTree = "<group>";
		};
		4BC326970614C6A000B2533B = {
			fileRef = 4BC326960614C6A000B2533B;
			isa = PBXBuildFile;
			settings = {
			};
		};
		4BC3269D0614C70200B2533B = {
			isa = PBXFileReference;
			lastKnownFileType = wrapper.framework;
			name = WebKit.framework;
			path = /System/Library/Frameworks/WebKit.framework;
			refType = 0;
			sourceTree = "<absolute>";
		};
		4BC3269E0614C70200B2533B = {
			fileRef = 4BC3269D0614C70200B2533B;
			isa = PBXBuildFile;
			settings = {
			};
		};
		4BC977C4057B3E8B00447AAA = {
			fileEncoding = 30;
			isa = PBXFileReference;
			lastKnownFileType = text;
			path = TechMan.txt;
			refType = 2;
			sourceTree = SOURCE_ROOT;
		};
		4BCFC9F805DED62E0028C277 = {
			isa = PBXFileReference;
			lastKnownFileType = image.png;
			name = step.png;
			path = Images/step.png;
			refType = 4;
			sourceTree = "<group>";
		};
		4BCFC9F905DED62E0028C277 = {
			isa = PBXFileReference;
			lastKnownFileType = image.png;
			name = stepout.png;
			path = Images/stepout.png;
			refType = 4;
			sourceTree = "<group>";
		};
		4BCFC9FA05DED62E0028C277 = {
			isa = PBXFileReference;
			lastKnownFileType = image.png;
			name = stepover.png;
			path = Images/stepover.png;
			refType = 4;
			sourceTree = "<group>";
		};
		4BCFC9FB05DED62E0028C277 = {
			fileRef = 4BCFC9F805DED62E0028C277;
			isa = PBXBuildFile;
			settings = {
			};
		};
		4BCFC9FC05DED62E0028C277 = {
			fileRef = 4BCFC9F905DED62E0028C277;
			isa = PBXBuildFile;
			settings = {
			};
		};
		4BCFC9FD05DED62E0028C277 = {
			fileRef = 4BCFC9FA05DED62E0028C277;
			isa = PBXBuildFile;
			settings = {
			};
		};
		4BD36FA1055EEC0D00F98A80 = {
			buildActionMask = 2147483647;
			files = (
			);
			inputPaths = (
			);
			isa = PBXShellScriptBuildPhase;
			outputPaths = (
			);
			runOnlyForDeploymentPostprocessing = 0;
			shellPath = /bin/sh;
			shellScript = "echo *** Copying library files\necho \"(Avoids XCode crash)\"\n\nenv\n\nmkdir ${OBJROOT}/Inform.app/Contents/Resources/Library\nmkdir ${OBJROOT}/Inform.app/Contents/Resources/Library/6.10\nmkdir ${OBJROOT}/Inform.app/Contents/Resources/Library/6.11\n# mkdir ${OBJROOT}/Inform.app/Contents/Resources/Library/Biplatform\ncp ${SRCROOT}/Library/Biplatform/Standard/*.h ${OBJROOT}/Inform.app/Contents/Resources/Library/6.10\ncp ${SRCROOT}/Library/lib611/*.h ${OBJROOT}/Inform.app/Contents/Resources/Library/6.11\necho -n \"6.11\" >${OBJROOT}/Inform.app/Contents/Resources/Library/Standard\n#ln -sf ${OBJROOT}/Inform.app/Contents/Resources/Library/6.11 ${OBJROOT}/Inform.app/Contents/Resources/Library/Standard\n";
		};
		4BD959F3055EE949008DEFF4 = {
			buildPhases = (
				4BD959F5055EE949008DEFF4,
				4BD95A05055EE949008DEFF4,
				4BD95A0F055EE949008DEFF4,
				4BD95A1E055EE949008DEFF4,
				4BD95A21055EE949008DEFF4,
				4BD95A23055EE949008DEFF4,
				4BD95A2D055EE949008DEFF4,
				4BD95A2E055EE949008DEFF4,
				4BD95A30055EE949008DEFF4,
				4BD36FA1055EEC0D00F98A80,
			);
			buildRules = (
			);
			buildSettings = {
				FRAMEWORK_SEARCH_PATHS = /Users/ahunter/prog/zoom/build;
				GCC_OPTIMIZATION_LEVEL = 3;
				GCC_PRECOMPILE_PREFIX_HEADER = YES;
				GCC_PREFIX_HEADER = Inform_Prefix.h;
				GCC_WARN_FOUR_CHARACTER_CONSTANTS = NO;
				GCC_WARN_UNKNOWN_PRAGMAS = NO;
				HEADER_SEARCH_PATHS = "";
				INFOPLIST_FILE = "Info-Inform__Upgraded_.plist";
				INSTALL_PATH = "$(HOME)/Applications";
				LIBRARY_SEARCH_PATHS = "";
				MACOSX_DEPLOYMENT_TARGET = 10.1;
				OTHER_LDFLAGS = "";
				PRODUCT_NAME = Inform;
				SECTORDER_FLAGS = "";
				WARNING_CFLAGS = "-Wmost";
				WRAPPER_EXTENSION = app;
			};
			dependencies = (
				4B133E3E058789B500742783,
				4B6A2DA905890C6C00CFA634,
			);
			isa = PBXNativeTarget;
			name = Inform;
			productInstallPath = "$(HOME)/Applications";
			productName = Inform;
			productReference = 4BD95A34055EE949008DEFF4;
			productType = "com.apple.product-type.application";
		};
		4BD959F5055EE949008DEFF4 = {
			buildActionMask = 2147483647;
			files = (
				4BD959F6055EE949008DEFF4,
				4BD959F7055EE949008DEFF4,
				4BD959F8055EE949008DEFF4,
				4BD959F9055EE949008DEFF4,
				4BD959FA055EE949008DEFF4,
				4BD959FB055EE949008DEFF4,
				4BD959FC055EE949008DEFF4,
				4BD959FD055EE949008DEFF4,
				4BD959FE055EE949008DEFF4,
				4BD959FF055EE949008DEFF4,
				4BD95A00055EE949008DEFF4,
				4BD95A01055EE949008DEFF4,
				4BD95A02055EE949008DEFF4,
				4BD95A03055EE949008DEFF4,
				4BD95A04055EE949008DEFF4,
				4BFE96B8057A224100E9C60A,
				4BFE96E3057A237E00E9C60A,
				4B9605C8058CA65700EAD06F,
				4B259F3905E161F800C7BAE2,
			);
			isa = PBXHeadersBuildPhase;
			runOnlyForDeploymentPostprocessing = 0;
		};
		4BD959F6055EE949008DEFF4 = {
			fileRef = 32CA4F630368D1EE00C91783;
			isa = PBXBuildFile;
			settings = {
			};
		};
		4BD959F7055EE949008DEFF4 = {
			fileRef = 4B96DF4F04F11BF500A8E303;
			isa = PBXBuildFile;
			settings = {
			};
		};
		4BD959F8055EE949008DEFF4 = {
			fileRef = 4B96DF5604F122A100A8E303;
			isa = PBXBuildFile;
			settings = {
			};
		};
		4BD959F9055EE949008DEFF4 = {
			fileRef = 4B96DF5E04F1270A00A8E303;
			isa = PBXBuildFile;
			settings = {
			};
		};
		4BD959FA055EE949008DEFF4 = {
			fileRef = 4B96DF6204F1278C00A8E303;
			isa = PBXBuildFile;
			settings = {
			};
		};
		4BD959FB055EE949008DEFF4 = {
			fileRef = 4B4C4D5F04F3E00400A8E303;
			isa = PBXBuildFile;
			settings = {
			};
		};
		4BD959FC055EE949008DEFF4 = {
			fileRef = 4BE6AB2F04FD0BEC00A8E303;
			isa = PBXBuildFile;
			settings = {
			};
		};
		4BD959FD055EE949008DEFF4 = {
			fileRef = 4BE6AB3304FD0CC700A8E303;
			isa = PBXBuildFile;
			settings = {
			};
		};
		4BD959FE055EE949008DEFF4 = {
			fileRef = 4B5CB96C050E9BCB00A8E303;
			isa = PBXBuildFile;
			settings = {
			};
		};
		4BD959FF055EE949008DEFF4 = {
			fileRef = 4B16BFDE0512261800A8E303;
			isa = PBXBuildFile;
			settings = {
			};
		};
		4BD95A00055EE949008DEFF4 = {
			fileRef = 4B16BFE505124D9F00A8E303;
			isa = PBXBuildFile;
			settings = {
			};
		};
		4BD95A01055EE949008DEFF4 = {
			fileRef = 4B94BF7305134C9C00A8E303;
			isa = PBXBuildFile;
			settings = {
			};
		};
		4BD95A02055EE949008DEFF4 = {
			fileRef = 4B94BF7705134D0700A8E303;
			isa = PBXBuildFile;
			settings = {
			};
		};
		4BD95A03055EE949008DEFF4 = {
			fileRef = 4B94BF7B05134DD300A8E303;
			isa = PBXBuildFile;
			settings = {
			};
		};
		4BD95A04055EE949008DEFF4 = {
			fileRef = 4B94BF7F05134E5500A8E303;
			isa = PBXBuildFile;
			settings = {
			};
		};
		4BD95A05055EE949008DEFF4 = {
			buildActionMask = 2147483647;
			files = (
				4BD95A06055EE949008DEFF4,
				4BD95A07055EE949008DEFF4,
				4BD95A08055EE949008DEFF4,
				4BD95A09055EE949008DEFF4,
				4BD95A0A055EE949008DEFF4,
				4BD95A0B055EE949008DEFF4,
				4BD95A0C055EE949008DEFF4,
				4BD95A0D055EE949008DEFF4,
				4BD95A0E055EE949008DEFF4,
				4B1A2FD505D7F00900746E81,
				4B6B187005DE744200BB2601,
				4B6B187105DE744200BB2601,
				4B6B187205DE744200BB2601,
				4B6B188505DE789600BB2601,
				4B6B188605DE789600BB2601,
				4B6B188E05DE83A200BB2601,
				4B6B188F05DE83A200BB2601,
				4BCFC9FB05DED62E0028C277,
				4BCFC9FC05DED62E0028C277,
				4BCFC9FD05DED62E0028C277,
				4BC326970614C6A000B2533B,
			);
			isa = PBXResourcesBuildPhase;
			runOnlyForDeploymentPostprocessing = 0;
		};
		4BD95A06055EE949008DEFF4 = {
			fileRef = 089C165CFE840E0CC02AAC07;
			isa = PBXBuildFile;
			settings = {
			};
		};
		4BD95A07055EE949008DEFF4 = {
			fileRef = 4B0BADFD04ED13E700A8E303;
			isa = PBXBuildFile;
			settings = {
			};
		};
		4BD95A08055EE949008DEFF4 = {
			fileRef = 4B96DF5304F11D5C00A8E303;
			isa = PBXBuildFile;
			settings = {
			};
		};
		4BD95A09055EE949008DEFF4 = {
			fileRef = 4BE6AB3B04FD0EF300A8E303;
			isa = PBXBuildFile;
			settings = {
			};
		};
		4BD95A0A055EE949008DEFF4 = {
			fileRef = 4B5CB96A050E9B9C00A8E303;
			isa = PBXBuildFile;
			settings = {
			};
		};
		4BD95A0B055EE949008DEFF4 = {
			fileRef = 29B97318FDCFA39411CA2CEA;
			isa = PBXBuildFile;
			settings = {
			};
		};
		4BD95A0C055EE949008DEFF4 = {
			fileRef = 4B16BFE2051246EF00A8E303;
			isa = PBXBuildFile;
			settings = {
			};
		};
		4BD95A0D055EE949008DEFF4 = {
			fileRef = 4B94BF8505138C7200A8E303;
			isa = PBXBuildFile;
			settings = {
			};
		};
		4BD95A0E055EE949008DEFF4 = {
			fileRef = 4B94BF870513906800A8E303;
			isa = PBXBuildFile;
			settings = {
			};
		};
		4BD95A0F055EE949008DEFF4 = {
			buildActionMask = 2147483647;
			files = (
				4BD95A10055EE949008DEFF4,
				4BD95A11055EE949008DEFF4,
				4BD95A12055EE949008DEFF4,
				4BD95A13055EE949008DEFF4,
				4BD95A14055EE949008DEFF4,
				4BD95A15055EE949008DEFF4,
				4BD95A16055EE949008DEFF4,
				4BD95A17055EE949008DEFF4,
				4BD95A18055EE949008DEFF4,
				4BD95A19055EE949008DEFF4,
				4BD95A1A055EE949008DEFF4,
				4BD95A1B055EE949008DEFF4,
				4BD95A1C055EE949008DEFF4,
				4BD95A1D055EE949008DEFF4,
				4BFE96B9057A224100E9C60A,
				4BFE96E4057A237E00E9C60A,
				4B9605C9058CA65700EAD06F,
				4B259F3A05E161F800C7BAE2,
			);
			isa = PBXSourcesBuildPhase;
			runOnlyForDeploymentPostprocessing = 0;
		};
		4BD95A10055EE949008DEFF4 = {
			fileRef = 29B97316FDCFA39411CA2CEA;
			isa = PBXBuildFile;
			settings = {
				ATTRIBUTES = (
				);
			};
		};
		4BD95A11055EE949008DEFF4 = {
			fileRef = 4B96DF5004F11BF500A8E303;
			isa = PBXBuildFile;
			settings = {
			};
		};
		4BD95A12055EE949008DEFF4 = {
			fileRef = 4B96DF5704F122A100A8E303;
			isa = PBXBuildFile;
			settings = {
			};
		};
		4BD95A13055EE949008DEFF4 = {
			fileRef = 4B96DF5F04F1270A00A8E303;
			isa = PBXBuildFile;
			settings = {
			};
		};
		4BD95A14055EE949008DEFF4 = {
			fileRef = 4B96DF6304F1278C00A8E303;
			isa = PBXBuildFile;
			settings = {
			};
		};
		4BD95A15055EE949008DEFF4 = {
			fileRef = 4B4C4D5D04F3DD2B00A8E303;
			isa = PBXBuildFile;
			settings = {
			};
		};
		4BD95A16055EE949008DEFF4 = {
			fileRef = 4BE6AB3004FD0BEC00A8E303;
			isa = PBXBuildFile;
			settings = {
			};
		};
		4BD95A17055EE949008DEFF4 = {
			fileRef = 4BE6AB3404FD0CC700A8E303;
			isa = PBXBuildFile;
			settings = {
			};
		};
		4BD95A18055EE949008DEFF4 = {
			fileRef = 4B5CB96D050E9BCB00A8E303;
			isa = PBXBuildFile;
			settings = {
			};
		};
		4BD95A19055EE949008DEFF4 = {
			fileRef = 4B16BFDF0512261800A8E303;
			isa = PBXBuildFile;
			settings = {
			};
		};
		4BD95A1A055EE949008DEFF4 = {
			fileRef = 4B16BFE605124D9F00A8E303;
			isa = PBXBuildFile;
			settings = {
			};
		};
		4BD95A1B055EE949008DEFF4 = {
			fileRef = 4B94BF7805134D0700A8E303;
			isa = PBXBuildFile;
			settings = {
			};
		};
		4BD95A1C055EE949008DEFF4 = {
			fileRef = 4B94BF7C05134DD300A8E303;
			isa = PBXBuildFile;
			settings = {
			};
		};
		4BD95A1D055EE949008DEFF4 = {
			fileRef = 4B94BF8005134E5500A8E303;
			isa = PBXBuildFile;
			settings = {
			};
		};
		4BD95A1E055EE949008DEFF4 = {
			buildActionMask = 2147483647;
			files = (
				4BD95A1F055EE949008DEFF4,
				4BD95A20055EE949008DEFF4,
				4BC3269E0614C70200B2533B,
			);
			isa = PBXFrameworksBuildPhase;
			runOnlyForDeploymentPostprocessing = 0;
		};
		4BD95A1F055EE949008DEFF4 = {
			fileRef = 1058C7A1FEA54F0111CA2CBB;
			isa = PBXBuildFile;
			settings = {
			};
		};
		4BD95A20055EE949008DEFF4 = {
			fileRef = 4B75B12B055D94D800EDF9C9;
			isa = PBXBuildFile;
			settings = {
			};
		};
		4BD95A21055EE949008DEFF4 = {
			buildActionMask = 2147483647;
			dstPath = Compilers;
			dstSubfolderSpec = 7;
			files = (
				4B6A2DAA05890C7C00CFA634,
				4B133E4A05878A1600742783,
			);
			isa = PBXCopyFilesBuildPhase;
			runOnlyForDeploymentPostprocessing = 0;
		};
		4BD95A23055EE949008DEFF4 = {
			buildActionMask = 2147483647;
			dstPath = Library/Standard;
			dstSubfolderSpec = 7;
			files = (
			);
			isa = PBXCopyFilesBuildPhase;
			runOnlyForDeploymentPostprocessing = 0;
		};
		4BD95A2D055EE949008DEFF4 = {
			buildActionMask = 2147483647;
			dstPath = Library/Biplatform;
			dstSubfolderSpec = 7;
			files = (
			);
			isa = PBXCopyFilesBuildPhase;
			runOnlyForDeploymentPostprocessing = 0;
		};
		4BD95A2E055EE949008DEFF4 = {
			buildActionMask = 2147483647;
			dstPath = "";
			dstSubfolderSpec = 10;
			files = (
				4BD95A2F055EE949008DEFF4,
			);
			isa = PBXCopyFilesBuildPhase;
			runOnlyForDeploymentPostprocessing = 0;
		};
		4BD95A2F055EE949008DEFF4 = {
			fileRef = 4B75B12B055D94D800EDF9C9;
			isa = PBXBuildFile;
			settings = {
			};
		};
		4BD95A30055EE949008DEFF4 = {
			buildActionMask = 2147483647;
			dstPath = "";
			dstSubfolderSpec = 7;
			files = (
				4BD95A31055EE949008DEFF4,
			);
			isa = PBXCopyFilesBuildPhase;
			runOnlyForDeploymentPostprocessing = 0;
		};
		4BD95A31055EE949008DEFF4 = {
			fileRef = 4B75B16A055D97DB00EDF9C9;
			isa = PBXBuildFile;
			settings = {
			};
		};
		4BD95A33055EE949008DEFF4 = {
			isa = PBXFileReference;
			lastKnownFileType = text.plist;
			path = "Info-Inform__Upgraded_.plist";
			refType = 4;
			sourceTree = "<group>";
		};
		4BD95A34055EE949008DEFF4 = {
			explicitFileType = wrapper.application;
			includeInIndex = 0;
			isa = PBXFileReference;
			path = Inform.app;
			refType = 3;
			sourceTree = BUILT_PRODUCTS_DIR;
		};
		4BE6AB2A04FCFB0B00A8E303 = {
			children = (
				4BE6AB2B04FCFB0B00A8E303,
			);
			isa = PBXVariantGroup;
			name = AllOptions.nib;
			path = "";
			refType = 4;
			sourceTree = "<group>";
		};
		4BE6AB2B04FCFB0B00A8E303 = {
			isa = PBXFileReference;
			lastKnownFileType = wrapper.nib;
			name = English;
			path = English.lproj/AllOptions.nib;
			refType = 4;
			sourceTree = "<group>";
		};
		4BE6AB2C04FD09D900A8E303 = {
			children = (
				4B94BF7205134C6600A8E303,
				4BFE96B3057A222B00E9C60A,
				4BE6AB2F04FD0BEC00A8E303,
				4BE6AB3004FD0BEC00A8E303,
				4BE6AB3304FD0CC700A8E303,
				4BE6AB3404FD0CC700A8E303,
				4B5CB96C050E9BCB00A8E303,
				4B5CB96D050E9BCB00A8E303,
				4B16BFDE0512261800A8E303,
				4B16BFDF0512261800A8E303,
				4B259F3705E161F800C7BAE2,
				4B259F3805E161F800C7BAE2,
			);
			isa = PBXGroup;
			name = Project;
			refType = 4;
			sourceTree = "<group>";
		};
		4BE6AB2F04FD0BEC00A8E303 = {
			fileEncoding = 4;
			isa = PBXFileReference;
			lastKnownFileType = sourcecode.c.h;
			path = IFProject.h;
			refType = 4;
			sourceTree = "<group>";
		};
		4BE6AB3004FD0BEC00A8E303 = {
			fileEncoding = 4;
			isa = PBXFileReference;
			lastKnownFileType = sourcecode.c.objc;
			path = IFProject.m;
			refType = 4;
			sourceTree = "<group>";
		};
		4BE6AB3304FD0CC700A8E303 = {
			fileEncoding = 4;
			isa = PBXFileReference;
			lastKnownFileType = sourcecode.c.h;
			path = IFProjectController.h;
			refType = 4;
			sourceTree = "<group>";
		};
		4BE6AB3404FD0CC700A8E303 = {
			fileEncoding = 4;
			isa = PBXFileReference;
			lastKnownFileType = sourcecode.c.objc;
			path = IFProjectController.m;
			refType = 4;
			sourceTree = "<group>";
		};
		4BE6AB3904FD0EE900A8E303 = {
			isa = PBXFileReference;
			lastKnownFileType = text.rtf;
			name = English;
			path = English.lproj/Credits.rtf;
			refType = 4;
			sourceTree = "<group>";
		};
		4BE6AB3B04FD0EF300A8E303 = {
			children = (
				4BE6AB3904FD0EE900A8E303,
			);
			isa = PBXVariantGroup;
			name = Credits.rtf;
			refType = 4;
			sourceTree = "<group>";
		};
		4BFE96B3057A222B00E9C60A = {
			children = (
				4BFE96B6057A224100E9C60A,
				4BFE96B7057A224100E9C60A,
				4BFE96E1057A237E00E9C60A,
				4BFE96E2057A237E00E9C60A,
				4B9605C6058CA65700EAD06F,
				4B9605C7058CA65700EAD06F,
			);
			isa = PBXGroup;
			name = Syntax;
			refType = 4;
			sourceTree = "<group>";
		};
		4BFE96B6057A224100E9C60A = {
			fileEncoding = 4;
			isa = PBXFileReference;
			lastKnownFileType = sourcecode.c.h;
			path = IFSyntaxHighlighter.h;
			refType = 4;
			sourceTree = "<group>";
		};
		4BFE96B7057A224100E9C60A = {
			fileEncoding = 4;
			isa = PBXFileReference;
			lastKnownFileType = sourcecode.c.objc;
			path = IFSyntaxHighlighter.m;
			refType = 4;
			sourceTree = "<group>";
		};
		4BFE96B8057A224100E9C60A = {
			fileRef = 4BFE96B6057A224100E9C60A;
			isa = PBXBuildFile;
			settings = {
			};
		};
		4BFE96B9057A224100E9C60A = {
			fileRef = 4BFE96B7057A224100E9C60A;
			isa = PBXBuildFile;
			settings = {
			};
		};
		4BFE96E1057A237E00E9C60A = {
			fileEncoding = 4;
			isa = PBXFileReference;
			lastKnownFileType = sourcecode.c.h;
			path = IFInform6Syntax.h;
			refType = 4;
			sourceTree = "<group>";
		};
		4BFE96E2057A237E00E9C60A = {
			fileEncoding = 4;
			isa = PBXFileReference;
			lastKnownFileType = sourcecode.c.objc;
			path = IFInform6Syntax.m;
			refType = 4;
			sourceTree = "<group>";
		};
		4BFE96E3057A237E00E9C60A = {
			fileRef = 4BFE96E1057A237E00E9C60A;
			isa = PBXBuildFile;
			settings = {
			};
		};
		4BFE96E4057A237E00E9C60A = {
			fileRef = 4BFE96E2057A237E00E9C60A;
			isa = PBXBuildFile;
			settings = {
			};
		};
	};
	rootObject = 29B97313FDCFA39411CA2CEA;
}
